
Microsoft Visual Studio Solution File, Format Version 12.00
# Visual Studio Version 17
VisualStudioVersion = 17.9.34728.123
MinimumVisualStudioVersion = 10.0.40219.1
Project("{8BC9CEB8-8B4A-11D0-8D11-00A0C91BC942}") = "ApplicationBase", "ApplicationBase\ApplicationBase.vcxproj", "{B7EFA41A-54F9-4A96-8D87-6E3CD27B0027}"
EndProject
Project("{8BC9CEB8-8B4A-11D0-8D11-00A0C91BC942}") = "GameEngine", "GameEngine\GameEngine.vcxproj", "{CFFD2402-F5D9-4B08-833A-26528A3DE8AB}"
EndProject
Project("{8BC9CEB8-8B4A-11D0-8D11-00A0C91BC942}") = "GameClient", "GameClient\GameClient.vcxproj", "{DEF57C1C-7395-43CC-857A-AB9FB9660738}"
EndProject
Project("{8BC9CEB8-8B4A-11D0-8D11-00A0C91BC942}") = "AssetManager", "AssetManager\AssetManager.vcxproj", "{0573A263-8F91-4A0C-AA84-5078FEE36623}"
EndProject
Project("{8BC9CEB8-8B4A-11D0-8D11-00A0C91BC942}") = "CollisionManager", "CollisionManager\CollisionManager.vcxproj", "{8B0F58AC-A008-496C-9CD5-178AC68B75CB}"
EndProject
Project("{8BC9CEB8-8B4A-11D0-8D11-00A0C91BC942}") = "RenderingManager", "RenderingManager\RenderingManager.vcxproj", "{BBF7A5F4-C34A-4970-B1C6-2E001813678F}"
EndProject
Project("{8BC9CEB8-8B4A-11D0-8D11-00A0C91BC942}") = "DirectX11", "..\..\DirectX11\DirectX11.vcxproj", "{E22CE608-080B-4FB6-842B-209DB4780C6D}"
EndProject
Project("{8BC9CEB8-8B4A-11D0-8D11-00A0C91BC942}") = "ImGuiHelper", "ImGuiHelper\ImGuiHelper.vcxproj", "{AC32B636-A426-4D56-9573-97D836CAEE88}"
EndProject
Global
	GlobalSection(SolutionConfigurationPlatforms) = preSolution
		Debug|x64 = Debug|x64
		Debug|x86 = Debug|x86
		Release|x64 = Release|x64
		Release|x86 = Release|x86
	EndGlobalSection
	GlobalSection(ProjectConfigurationPlatforms) = postSolution
		{B7EFA41A-54F9-4A96-8D87-6E3CD27B0027}.Debug|x64.ActiveCfg = Debug|x64
		{B7EFA41A-54F9-4A96-8D87-6E3CD27B0027}.Debug|x64.Build.0 = Debug|x64
		{B7EFA41A-54F9-4A96-8D87-6E3CD27B0027}.Debug|x86.ActiveCfg = Debug|Win32
		{B7EFA41A-54F9-4A96-8D87-6E3CD27B0027}.Debug|x86.Build.0 = Debug|Win32
		{B7EFA41A-54F9-4A96-8D87-6E3CD27B0027}.Release|x64.ActiveCfg = Release|x64
		{B7EFA41A-54F9-4A96-8D87-6E3CD27B0027}.Release|x64.Build.0 = Release|x64
		{B7EFA41A-54F9-4A96-8D87-6E3CD27B0027}.Release|x86.ActiveCfg = Release|Win32
		{B7EFA41A-54F9-4A96-8D87-6E3CD27B0027}.Release|x86.Build.0 = Release|Win32
		{CFFD2402-F5D9-4B08-833A-26528A3DE8AB}.Debug|x64.ActiveCfg = Debug|x64
		{CFFD2402-F5D9-4B08-833A-26528A3DE8AB}.Debug|x64.Build.0 = Debug|x64
		{CFFD2402-F5D9-4B08-833A-26528A3DE8AB}.Debug|x86.ActiveCfg = Debug|Win32
		{CFFD2402-F5D9-4B08-833A-26528A3DE8AB}.Debug|x86.Build.0 = Debug|Win32
		{CFFD2402-F5D9-4B08-833A-26528A3DE8AB}.Release|x64.ActiveCfg = Release|x64
		{CFFD2402-F5D9-4B08-833A-26528A3DE8AB}.Release|x64.Build.0 = Release|x64
		{CFFD2402-F5D9-4B08-833A-26528A3DE8AB}.Release|x86.ActiveCfg = Release|Win32
		{CFFD2402-F5D9-4B08-833A-26528A3DE8AB}.Release|x86.Build.0 = Release|Win32
		{DEF57C1C-7395-43CC-857A-AB9FB9660738}.Debug|x64.ActiveCfg = Debug|x64
		{DEF57C1C-7395-43CC-857A-AB9FB9660738}.Debug|x64.Build.0 = Debug|x64
		{DEF57C1C-7395-43CC-857A-AB9FB9660738}.Debug|x86.ActiveCfg = Debug|Win32
		{DEF57C1C-7395-43CC-857A-AB9FB9660738}.Debug|x86.Build.0 = Debug|Win32
		{DEF57C1C-7395-43CC-857A-AB9FB9660738}.Release|x64.ActiveCfg = Release|x64
		{DEF57C1C-7395-43CC-857A-AB9FB9660738}.Release|x64.Build.0 = Release|x64
		{DEF57C1C-7395-43CC-857A-AB9FB9660738}.Release|x86.ActiveCfg = Release|Win32
		{DEF57C1C-7395-43CC-857A-AB9FB9660738}.Release|x86.Build.0 = Release|Win32
		{0573A263-8F91-4A0C-AA84-5078FEE36623}.Debug|x64.ActiveCfg = Debug|x64
		{0573A263-8F91-4A0C-AA84-5078FEE36623}.Debug|x64.Build.0 = Debug|x64
		{0573A263-8F91-4A0C-AA84-5078FEE36623}.Debug|x86.ActiveCfg = Debug|Win32
		{0573A263-8F91-4A0C-AA84-5078FEE36623}.Debug|x86.Build.0 = Debug|Win32
		{0573A263-8F91-4A0C-AA84-5078FEE36623}.Release|x64.ActiveCfg = Release|x64
		{0573A263-8F91-4A0C-AA84-5078FEE36623}.Release|x64.Build.0 = Release|x64
		{0573A263-8F91-4A0C-AA84-5078FEE36623}.Release|x86.ActiveCfg = Release|Win32
		{0573A263-8F91-4A0C-AA84-5078FEE36623}.Release|x86.Build.0 = Release|Win32
		{8B0F58AC-A008-496C-9CD5-178AC68B75CB}.Debug|x64.ActiveCfg = Debug|x64
		{8B0F58AC-A008-496C-9CD5-178AC68B75CB}.Debug|x64.Build.0 = Debug|x64
		{8B0F58AC-A008-496C-9CD5-178AC68B75CB}.Debug|x86.ActiveCfg = Debug|Win32
		{8B0F58AC-A008-496C-9CD5-178AC68B75CB}.Debug|x86.Build.0 = Debug|Win32
		{8B0F58AC-A008-496C-9CD5-178AC68B75CB}.Release|x64.ActiveCfg = Release|x64
		{8B0F58AC-A008-496C-9CD5-178AC68B75CB}.Release|x64.Build.0 = Release|x64
		{8B0F58AC-A008-496C-9CD5-178AC68B75CB}.Release|x86.ActiveCfg = Release|Win32
		{8B0F58AC-A008-496C-9CD5-178AC68B75CB}.Release|x86.Build.0 = Release|Win32
		{BBF7A5F4-C34A-4970-B1C6-2E001813678F}.Debug|x64.ActiveCfg = Debug|x64
		{BBF7A5F4-C34A-4970-B1C6-2E001813678F}.Debug|x64.Build.0 = Debug|x64
		{BBF7A5F4-C34A-4970-B1C6-2E001813678F}.Debug|x86.ActiveCfg = Debug|Win32
		{BBF7A5F4-C34A-4970-B1C6-2E001813678F}.Debug|x86.Build.0 = Debug|Win32
		{BBF7A5F4-C34A-4970-B1C6-2E001813678F}.Release|x64.ActiveCfg = Release|x64
		{BBF7A5F4-C34A-4970-B1C6-2E001813678F}.Release|x64.Build.0 = Release|x64
		{BBF7A5F4-C34A-4970-B1C6-2E001813678F}.Release|x86.ActiveCfg = Release|Win32
		{BBF7A5F4-C34A-4970-B1C6-2E001813678F}.Release|x86.Build.0 = Release|Win32
		{E22CE608-080B-4FB6-842B-209DB4780C6D}.Debug|x64.ActiveCfg = Debug|x64
		{E22CE608-080B-4FB6-842B-209DB4780C6D}.Debug|x64.Build.0 = Debug|x64
		{E22CE608-080B-4FB6-842B-209DB4780C6D}.Debug|x86.ActiveCfg = Debug|Win32
		{E22CE608-080B-4FB6-842B-209DB4780C6D}.Debug|x86.Build.0 = Debug|Win32
		{E22CE608-080B-4FB6-842B-209DB4780C6D}.Release|x64.ActiveCfg = Release|x64
		{E22CE608-080B-4FB6-842B-209DB4780C6D}.Release|x64.Build.0 = Release|x64
		{E22CE608-080B-4FB6-842B-209DB4780C6D}.Release|x86.ActiveCfg = Release|Win32
		{E22CE608-080B-4FB6-842B-209DB4780C6D}.Release|x86.Build.0 = Release|Win32
		{AC32B636-A426-4D56-9573-97D836CAEE88}.Debug|x64.ActiveCfg = Debug|x64
		{AC32B636-A426-4D56-9573-97D836CAEE88}.Debug|x64.Build.0 = Debug|x64
		{AC32B636-A426-4D56-9573-97D836CAEE88}.Debug|x86.ActiveCfg = Debug|Win32
		{AC32B636-A426-4D56-9573-97D836CAEE88}.Debug|x86.Build.0 = Debug|Win32
		{AC32B636-A426-4D56-9573-97D836CAEE88}.Release|x64.ActiveCfg = Release|x64
		{AC32B636-A426-4D56-9573-97D836CAEE88}.Release|x64.Build.0 = Release|x64
		{AC32B636-A426-4D56-9573-97D836CAEE88}.Release|x86.ActiveCfg = Release|Win32
		{AC32B636-A426-4D56-9573-97D836CAEE88}.Release|x86.Build.0 = Release|Win32
	EndGlobalSection
	GlobalSection(SolutionProperties) = preSolution
		HideSolutionNode = FALSE
	EndGlobalSection
	GlobalSection(ExtensibilityGlobals) = postSolution
		SolutionGuid = {3E43B5A7-604E-48F8-BF6A-9FF3217D8978}
	EndGlobalSection
EndGlobal
