<?xml version="1.0" encoding="utf-8"?>
<Project ToolsVersion="4.0" xmlns="http://schemas.microsoft.com/developer/msbuild/2003">
  <ItemGroup>
    <Filter Include="소스 파일">
      <UniqueIdentifier>{4FC737F1-C7A5-4376-A066-2A32D752A2FF}</UniqueIdentifier>
      <Extensions>cpp;c;cc;cxx;c++;cppm;ixx;def;odl;idl;hpj;bat;asm;asmx</Extensions>
    </Filter>
    <Filter Include="헤더 파일">
      <UniqueIdentifier>{93995380-89BD-4b04-88EB-625FBE52EBFB}</UniqueIdentifier>
      <Extensions>h;hh;hpp;hxx;h++;hm;inl;inc;ipp;xsd</Extensions>
    </Filter>
    <Filter Include="리소스 파일">
      <UniqueIdentifier>{67DA6AB6-F800-4c08-8B7A-83BB121AAD01}</UniqueIdentifier>
      <Extensions>rc;ico;cur;bmp;dlg;rc2;rct;bin;rgs;gif;jpg;jpeg;jpe;resx;tiff;tif;png;wav;mfcribbon-ms</Extensions>
    </Filter>
    <Filter Include="소스 파일\App">
      <UniqueIdentifier>{0a303f54-9710-4102-a712-00a0bbcb351d}</UniqueIdentifier>
    </Filter>
    <Filter Include="헤더 파일\App">
      <UniqueIdentifier>{640fcecf-3a5f-4e39-b9bb-f3fa145bc660}</UniqueIdentifier>
    </Filter>
    <Filter Include="헤더 파일\Global">
      <UniqueIdentifier>{3e10b1f6-9213-4225-a31e-fc088ce08350}</UniqueIdentifier>
    </Filter>
    <Filter Include="소스 파일\Global">
      <UniqueIdentifier>{f2d969ef-6719-44ff-b8e7-53f55db78187}</UniqueIdentifier>
    </Filter>
    <Filter Include="헤더 파일\Utility">
      <UniqueIdentifier>{a0563dea-a8cc-40f8-85f3-cb689dc67750}</UniqueIdentifier>
    </Filter>
    <Filter Include="소스 파일\Utility">
      <UniqueIdentifier>{84bdb384-a1f2-45c1-b278-96c6b9a41c5e}</UniqueIdentifier>
    </Filter>
    <Filter Include="헤더 파일\Asset">
      <UniqueIdentifier>{4382cf86-b373-4adf-b57a-7e7050959257}</UniqueIdentifier>
    </Filter>
    <Filter Include="소스 파일\Asset">
      <UniqueIdentifier>{bb372f5b-d9a5-43f3-bb8f-deef94293dd2}</UniqueIdentifier>
    </Filter>
    <Filter Include="소스 파일\Asset\Bone">
      <UniqueIdentifier>{7a72b11d-52c4-4410-be49-194c53137390}</UniqueIdentifier>
    </Filter>
    <Filter Include="헤더 파일\Asset\Bone">
      <UniqueIdentifier>{5630758c-5cb4-4a90-95fe-fa19c8fd9f07}</UniqueIdentifier>
    </Filter>
    <Filter Include="소스 파일\Asset\Mesh">
      <UniqueIdentifier>{6257d232-ae4a-4ec7-85c8-cf6d227285a8}</UniqueIdentifier>
    </Filter>
    <Filter Include="헤더 파일\Asset\Mesh">
      <UniqueIdentifier>{2f665f23-2d8f-4d45-baa2-dc264e4dcfb4}</UniqueIdentifier>
    </Filter>
    <Filter Include="헤더 파일\Asset\Texture">
      <UniqueIdentifier>{22be202d-5685-4574-9839-e7e7c75fa3cc}</UniqueIdentifier>
    </Filter>
    <Filter Include="소스 파일\Asset\Texture">
      <UniqueIdentifier>{da15b506-b4af-4389-9581-55fd9147a399}</UniqueIdentifier>
    </Filter>
    <Filter Include="헤더 파일\World">
      <UniqueIdentifier>{ab9dbb3d-2087-49e1-b666-f6e31866bc38}</UniqueIdentifier>
    </Filter>
    <Filter Include="소스 파일\World">
      <UniqueIdentifier>{2d05a47b-5cb0-4bf6-bf25-d3d1222fabc0}</UniqueIdentifier>
    </Filter>
    <Filter Include="소스 파일\Buffer">
      <UniqueIdentifier>{d8d1e9ae-dd79-4ec2-a629-1d827c9461e9}</UniqueIdentifier>
    </Filter>
    <Filter Include="헤더 파일\Buffer">
      <UniqueIdentifier>{c22d0005-056e-463b-af73-d76246236d9e}</UniqueIdentifier>
    </Filter>
    <Filter Include="헤더 파일\Buffer\Constant">
      <UniqueIdentifier>{73372138-896c-4143-9603-bcf802c09b12}</UniqueIdentifier>
    </Filter>
    <Filter Include="헤더 파일\Buffer\Dynamic">
      <UniqueIdentifier>{5b8d8433-2273-4089-98c7-90cf38077bf6}</UniqueIdentifier>
    </Filter>
    <Filter Include="소스 파일\Buffer\Dynamic">
      <UniqueIdentifier>{fbd735d6-0f1a-4ed7-af43-c1dfeabfc490}</UniqueIdentifier>
    </Filter>
    <Filter Include="Shader">
      <UniqueIdentifier>{a165de11-1e64-4997-8b05-848a47a39820}</UniqueIdentifier>
    </Filter>
    <Filter Include="헤더 파일\Collision">
      <UniqueIdentifier>{bb1f6d40-ce30-43eb-b36e-9059eedd0375}</UniqueIdentifier>
    </Filter>
    <Filter Include="소스 파일\Asset\Map">
      <UniqueIdentifier>{4252095b-5211-49ea-b361-de1a938f27fa}</UniqueIdentifier>
    </Filter>
    <Filter Include="헤더 파일\Asset\Map">
      <UniqueIdentifier>{62905561-a35a-43c3-98f6-64cf6584d93b}</UniqueIdentifier>
    </Filter>
    <Filter Include="소스 파일\Collision">
      <UniqueIdentifier>{905256e4-f194-4f73-962b-4c7087e5de31}</UniqueIdentifier>
    </Filter>
    <Filter Include="Shader\PositionOnly">
      <UniqueIdentifier>{fa3c8c60-12b7-4660-a671-a87b670a8b12}</UniqueIdentifier>
    </Filter>
    <Filter Include="소스 파일\PSO">
      <UniqueIdentifier>{ac23e4ea-c4f6-4e8b-be39-4a11458338e0}</UniqueIdentifier>
    </Filter>
    <Filter Include="헤더 파일\PSO">
      <UniqueIdentifier>{d99c8647-eebb-41b7-bf4c-d84e12e08d5c}</UniqueIdentifier>
    </Filter>
    <Filter Include="소스 파일\Controller">
      <UniqueIdentifier>{c7ee91dd-ca3d-4f84-8ba9-6f913322c859}</UniqueIdentifier>
    </Filter>
    <Filter Include="헤더 파일\Controller">
      <UniqueIdentifier>{3ca5c5f0-d87b-4c20-ae37-4cd32acd39ad}</UniqueIdentifier>
    </Filter>
    <Filter Include="소스 파일\Object">
      <UniqueIdentifier>{6d0b603d-c627-4fc4-8c97-3d3f5390bad6}</UniqueIdentifier>
    </Filter>
    <Filter Include="소스 파일\Object\Attachable">
      <UniqueIdentifier>{c5f51f0a-ffb2-419e-9dc2-7de742bed981}</UniqueIdentifier>
    </Filter>
    <Filter Include="소스 파일\Object\Attachable\Mesh">
      <UniqueIdentifier>{96c6f463-defb-4fdd-9569-1e0939fee0f7}</UniqueIdentifier>
    </Filter>
    <Filter Include="소스 파일\Object\Attachable\BoundingObject">
      <UniqueIdentifier>{15c9ed6a-e671-410a-9fe9-cd8de82fa103}</UniqueIdentifier>
    </Filter>
    <Filter Include="소스 파일\Object\Placeable">
      <UniqueIdentifier>{05fd7241-2d12-4c69-b419-1c4b56c60b77}</UniqueIdentifier>
    </Filter>
    <Filter Include="소스 파일\Object\Placeable\Actor">
      <UniqueIdentifier>{f9b343a1-5b1d-4eb3-8500-48b3fbd19ff9}</UniqueIdentifier>
    </Filter>
    <Filter Include="소스 파일\Object\Placeable\Pawn">
      <UniqueIdentifier>{c75582a7-9529-4fd5-a7a4-6a5bbca51cb6}</UniqueIdentifier>
    </Filter>
    <Filter Include="소스 파일\Object\View">
      <UniqueIdentifier>{2ab6c005-d21d-4874-9e2e-899e368baae8}</UniqueIdentifier>
    </Filter>
    <Filter Include="헤더 파일\Object">
      <UniqueIdentifier>{cf287dd9-4094-4d15-b7de-af4edb0ed927}</UniqueIdentifier>
    </Filter>
    <Filter Include="헤더 파일\Object\Attachable">
      <UniqueIdentifier>{131a6598-d565-45d1-8ed8-6e028834a09b}</UniqueIdentifier>
    </Filter>
    <Filter Include="헤더 파일\Object\Attachable\Mesh">
      <UniqueIdentifier>{0374edc9-88a0-48a3-8acb-8feeb624c928}</UniqueIdentifier>
    </Filter>
    <Filter Include="헤더 파일\Object\Attachable\View">
      <UniqueIdentifier>{bc10aa97-649d-445a-bf64-bed7c2e71440}</UniqueIdentifier>
    </Filter>
    <Filter Include="헤더 파일\Object\Attachable\BoundingObject">
      <UniqueIdentifier>{b7f79190-37bb-437b-8da5-f9f2fc3bf0cf}</UniqueIdentifier>
    </Filter>
    <Filter Include="헤더 파일\Object\Placeable">
      <UniqueIdentifier>{4b88f40a-72f3-4fc9-ab87-0ade16acc919}</UniqueIdentifier>
    </Filter>
    <Filter Include="헤더 파일\Object\Placeable\Actor">
      <UniqueIdentifier>{b5e020b5-bce8-44a3-ac97-9df96e43dd5a}</UniqueIdentifier>
    </Filter>
    <Filter Include="소스 파일\Object\Placeable\Character">
      <UniqueIdentifier>{09b158c2-7129-4197-8277-7da0e08cd8e8}</UniqueIdentifier>
    </Filter>
    <Filter Include="헤더 파일\Object\Placeable\Pawn">
      <UniqueIdentifier>{ad3ec5f3-4b8e-407f-b987-a79bd493250a}</UniqueIdentifier>
    </Filter>
    <Filter Include="헤더 파일\Object\Placeable\Character">
      <UniqueIdentifier>{ae6f6187-3759-415e-af54-fc963a672703}</UniqueIdentifier>
    </Filter>
    <Filter Include="소스 파일\Controller\UserController">
      <UniqueIdentifier>{f9c49dc6-0341-40a6-b982-843c605dcc4a}</UniqueIdentifier>
    </Filter>
    <Filter Include="헤더 파일\Controller\UserController">
      <UniqueIdentifier>{5779cdb7-d2aa-49e4-af4b-bc327419ae1a}</UniqueIdentifier>
    </Filter>
    <Filter Include="소스 파일\Controller\InputEvent">
      <UniqueIdentifier>{7f3fcac5-f995-44d6-bb6e-602054edb02e}</UniqueIdentifier>
    </Filter>
    <Filter Include="헤더 파일\Controller\InputEvent">
      <UniqueIdentifier>{d0447e4a-154b-4eb6-9a7e-98071b26576b}</UniqueIdentifier>
    </Filter>
    <Filter Include="헤더 파일\Controller\InputEvent\Events">
      <UniqueIdentifier>{a2c166fb-8925-4a26-a2a1-3c75d9086826}</UniqueIdentifier>
    </Filter>
    <Filter Include="소스 파일\Controller\InputEvent\Events">
      <UniqueIdentifier>{2b533479-5c9a-41f2-adfc-b8602b1c1e07}</UniqueIdentifier>
    </Filter>
    <Filter Include="Externals">
      <UniqueIdentifier>{a247d1c7-0bb3-499c-8b84-4e979ce8e2e3}</UniqueIdentifier>
    </Filter>
    <Filter Include="Externals\Imgui">
      <UniqueIdentifier>{7158f144-cc79-419a-9a92-91e1a3c3d62d}</UniqueIdentifier>
    </Filter>
    <Filter Include="Externals\DDSTextureLoader">
      <UniqueIdentifier>{161dbda4-e877-4e45-8c0b-47435a5f4b3c}</UniqueIdentifier>
    </Filter>
    <Filter Include="헤더 파일\Asset\Mesh\NBTMesh">
      <UniqueIdentifier>{8dca9185-0fd9-48ba-b3fe-2f512271dd93}</UniqueIdentifier>
    </Filter>
    <Filter Include="소스 파일\Asset\Mesh\BaseMesh">
      <UniqueIdentifier>{55f0060e-6454-4612-a3d5-c658a329a27f}</UniqueIdentifier>
    </Filter>
    <Filter Include="소스 파일\Asset\Mesh\NBTMesh">
      <UniqueIdentifier>{c2785752-724e-4f0c-b88d-0683d06b4264}</UniqueIdentifier>
    </Filter>
    <Filter Include="헤더 파일\Asset\Mesh\BaseMesh">
      <UniqueIdentifier>{055d0c8a-e674-42b7-992b-7d0775eecd1b}</UniqueIdentifier>
    </Filter>
    <Filter Include="Shader\Environment">
      <UniqueIdentifier>{602c7d87-9fcd-4fdb-a497-8e16d5991a0d}</UniqueIdentifier>
    </Filter>
    <Filter Include="헤더 파일\Delegation">
      <UniqueIdentifier>{f0e008d7-fe33-433a-914b-d2849a12ead8}</UniqueIdentifier>
    </Filter>
    <Filter Include="소스 파일\Editor">
      <UniqueIdentifier>{71c9625a-f7d4-4e75-8b04-c3681430598b}</UniqueIdentifier>
    </Filter>
    <Filter Include="소스 파일\Editor\GUI">
      <UniqueIdentifier>{5925a3b9-93a3-4dfb-a871-30e47bd73f6f}</UniqueIdentifier>
    </Filter>
    <Filter Include="소스 파일\Editor\GUI\DIalog">
      <UniqueIdentifier>{9eaec59b-d61a-4cba-b1a3-890773a4493b}</UniqueIdentifier>
    </Filter>
    <Filter Include="소스 파일\Editor\GUI\Window">
      <UniqueIdentifier>{81031fec-5b5d-49cd-a241-23d8ce4542a5}</UniqueIdentifier>
    </Filter>
    <Filter Include="소스 파일\Editor\GUI\Visitor">
      <UniqueIdentifier>{532f1608-c72d-44a5-9eda-facd94786f7e}</UniqueIdentifier>
    </Filter>
    <Filter Include="소스 파일\Editor\GUI\Visitor\Outliner">
      <UniqueIdentifier>{4a805e1c-82a8-46c9-bcd6-7a086a8f06fc}</UniqueIdentifier>
    </Filter>
    <Filter Include="소스 파일\Editor\GUI\Visitor\Outliner\Helper">
      <UniqueIdentifier>{b95adb38-a0b8-4434-977c-cba4cca2e532}</UniqueIdentifier>
    </Filter>
    <Filter Include="소스 파일\Editor\GUI\Visitor\Outliner\Helper\InformationDrawer">
      <UniqueIdentifier>{dfb44125-1c96-43f9-8adb-68784322e354}</UniqueIdentifier>
    </Filter>
    <Filter Include="소스 파일\Editor\GUI\Visitor\Outliner\Helper\InformationDrawer\Helper">
      <UniqueIdentifier>{acaedad8-b7e5-4e72-93f0-3f058931f28c}</UniqueIdentifier>
    </Filter>
    <Filter Include="소스 파일\Editor\GUI\Control">
      <UniqueIdentifier>{8b2f717e-1141-4109-ae2d-135eb9c6645e}</UniqueIdentifier>
    </Filter>
    <Filter Include="소스 파일\Editor\NodeEditor">
      <UniqueIdentifier>{4b69b38f-68d4-4b44-a245-5117d2fe9fd5}</UniqueIdentifier>
    </Filter>
    <Filter Include="헤더 파일\Editor">
      <UniqueIdentifier>{c804c47d-f3de-4435-a576-363fb219fab3}</UniqueIdentifier>
    </Filter>
    <Filter Include="헤더 파일\Editor\GUI">
      <UniqueIdentifier>{45318328-d303-4f82-8e55-abda4216d6b8}</UniqueIdentifier>
    </Filter>
    <Filter Include="헤더 파일\Editor\GUI\Dialog">
      <UniqueIdentifier>{ef408b6c-6b4d-4b80-90f7-f6804cc2cca6}</UniqueIdentifier>
    </Filter>
    <Filter Include="헤더 파일\Editor\GUI\Window">
      <UniqueIdentifier>{03918427-51e3-4d99-9867-b9e7f601b267}</UniqueIdentifier>
    </Filter>
    <Filter Include="헤더 파일\Editor\GUI\Visitor">
      <UniqueIdentifier>{cb6c6704-962e-4d59-9cc7-addab80df882}</UniqueIdentifier>
    </Filter>
    <Filter Include="헤더 파일\Editor\GUI\Visitor\Outliner">
      <UniqueIdentifier>{b3341d71-9b14-4076-a6f3-5f5a8da5d2fd}</UniqueIdentifier>
    </Filter>
    <Filter Include="헤더 파일\Editor\GUI\Visitor\Outliner\Helper">
      <UniqueIdentifier>{de4e2cbe-893c-4b54-bbee-68ed03b89a68}</UniqueIdentifier>
    </Filter>
    <Filter Include="헤더 파일\Editor\GUI\Visitor\Outliner\Helper\InformationDrawer">
      <UniqueIdentifier>{12dbda4d-29c3-4535-9e1c-918f64db4dde}</UniqueIdentifier>
    </Filter>
    <Filter Include="헤더 파일\Editor\GUI\Visitor\Outliner\Helper\InformationDrawer\Helper">
      <UniqueIdentifier>{9fd178dd-7fbd-4839-8ee4-5a77b6963001}</UniqueIdentifier>
    </Filter>
    <Filter Include="헤더 파일\Editor\GUI\Visitor\Outliner\Helper\AddObject">
      <UniqueIdentifier>{a7601ce8-344b-4b07-ac28-14f0faf121ce}</UniqueIdentifier>
    </Filter>
    <Filter Include="헤더 파일\Editor\GUI\Control">
      <UniqueIdentifier>{51258adb-a9c7-4b0d-883b-93eda45b1f25}</UniqueIdentifier>
    </Filter>
    <Filter Include="헤더 파일\Editor\NodeEditor">
      <UniqueIdentifier>{ac3befb6-3535-4406-9cc4-5993ae99bcc2}</UniqueIdentifier>
    </Filter>
    <Filter Include="헤더 파일\Editor\NodeEditor\DrawElement">
      <UniqueIdentifier>{2e5e75fe-513c-4206-83e4-3dd23235dbb8}</UniqueIdentifier>
    </Filter>
    <Filter Include="소스 파일\Editor\NodeEditor\DrawElement">
      <UniqueIdentifier>{438e9452-b7be-4da9-8a25-c12015c791c9}</UniqueIdentifier>
    </Filter>
    <Filter Include="소스 파일\Editor\GUI\Window\AssetControl">
      <UniqueIdentifier>{af2a8b65-e76c-4577-989c-7f10c5522015}</UniqueIdentifier>
    </Filter>
    <Filter Include="소스 파일\Editor\NodeEditor\Canvas">
      <UniqueIdentifier>{6ff430c4-f692-4cf9-8f19-0dfc78b45532}</UniqueIdentifier>
    </Filter>
    <Filter Include="헤더 파일\Editor\NodeEditor\Canvas">
      <UniqueIdentifier>{78cf043b-40de-4f93-8f86-59b8d5d14427}</UniqueIdentifier>
    </Filter>
    <Filter Include="헤더 파일\Editor\GUI\Popup">
      <UniqueIdentifier>{0d7f8d7a-538e-4f87-83a6-87772295a318}</UniqueIdentifier>
    </Filter>
    <Filter Include="소스 파일\Editor\GUI\Popup">
      <UniqueIdentifier>{a7171025-7aa6-403d-bc87-c6222110e2b6}</UniqueIdentifier>
    </Filter>
    <Filter Include="헤더 파일\Editor\GUI\Popup\Extended">
      <UniqueIdentifier>{86758d94-623b-44f6-8b02-f8c69acfa7cf}</UniqueIdentifier>
    </Filter>
    <Filter Include="소스 파일\Editor\GUI\Popup\Extended">
      <UniqueIdentifier>{cebd2008-9f05-4413-a3b5-da45fe4a5d45}</UniqueIdentifier>
    </Filter>
    <Filter Include="소스 파일\Editor\GUI\Modal">
      <UniqueIdentifier>{6daf88ff-0d0a-4ba9-ac9c-199049d795d6}</UniqueIdentifier>
    </Filter>
    <Filter Include="헤더 파일\Editor\GUI\Modal">
      <UniqueIdentifier>{0ceff1bd-4b33-484e-9318-93db5c5d7c5d}</UniqueIdentifier>
    </Filter>
    <Filter Include="헤더 파일\Editor\GUI\Modal\Extended">
      <UniqueIdentifier>{8e42cada-7824-42a9-9aa8-fa9514756787}</UniqueIdentifier>
    </Filter>
    <Filter Include="소스 파일\Editor\GUI\Modal\Extended">
      <UniqueIdentifier>{6f224377-ca5a-4a5e-b37b-045b7fbf8963}</UniqueIdentifier>
    </Filter>
    <Filter Include="소스 파일\Editor\GUI\Visitor\Outliner\Helper\AddObjectModal">
      <UniqueIdentifier>{a838dca8-130d-4d1b-a812-fe45dd1d9863}</UniqueIdentifier>
    </Filter>
    <Filter Include="소스 파일\Editor\GUI\Modal\Extended\AssetFileModal">
      <UniqueIdentifier>{c6a711b1-8e43-4e76-bc96-c1f946c8a219}</UniqueIdentifier>
    </Filter>
    <Filter Include="소스 파일\Editor\GUI\Modal\Extended\ObjectModal">
      <UniqueIdentifier>{aa48ce84-71f6-42d5-a62e-14e63317f9c4}</UniqueIdentifier>
    </Filter>
    <Filter Include="헤더 파일\Editor\GUI\Modal\Extended\ObjectModal">
      <UniqueIdentifier>{6bed47b8-fd1b-41f8-be4c-10e8244e056c}</UniqueIdentifier>
    </Filter>
    <Filter Include="헤더 파일\Editor\GUI\Modal\Extended\AssetFile">
      <UniqueIdentifier>{0f406e0c-7585-4baa-b861-fedfcfb38b20}</UniqueIdentifier>
    </Filter>
    <Filter Include="Shader\PBR">
      <UniqueIdentifier>{ac4ac663-8a84-46a2-9ad2-c872138b509c}</UniqueIdentifier>
    </Filter>
    <Filter Include="Shader\MeshObject">
      <UniqueIdentifier>{1d300dd2-0a08-496e-a835-b955df6a2cb0}</UniqueIdentifier>
    </Filter>
    <Filter Include="Shader\MeshObject\SkeletalMesh">
      <UniqueIdentifier>{9da0e291-0657-4a08-baba-cf1f98165149}</UniqueIdentifier>
    </Filter>
    <Filter Include="Shader\MeshObject\StaticMesh">
      <UniqueIdentifier>{c2c93896-f7e9-4c4d-8518-4c6dcd129e7e}</UniqueIdentifier>
    </Filter>
    <Filter Include="소스 파일\Editor\NodeEditor\DrawElement\Node">
      <UniqueIdentifier>{32507249-8391-4a0c-b815-be24354dd321}</UniqueIdentifier>
    </Filter>
    <Filter Include="소스 파일\Editor\NodeEditor\DrawElement\Node\Variable">
      <UniqueIdentifier>{5563c6af-f984-4acf-a51d-b66f00beffd4}</UniqueIdentifier>
    </Filter>
    <Filter Include="소스 파일\Editor\NodeEditor\DrawElement\Node\Variable\Asset">
      <UniqueIdentifier>{780c43b3-2914-421d-ba65-d8ed8ca6ddaf}</UniqueIdentifier>
    </Filter>
    <Filter Include="소스 파일\Editor\NodeEditor\DrawElement\Node\Variable\Asset\Texture">
      <UniqueIdentifier>{ffe3cd05-c8e0-4ef0-adc7-5dd6ddf530ea}</UniqueIdentifier>
    </Filter>
    <Filter Include="소스 파일\Editor\NodeEditor\DrawElement\Node\Variable\Asset\Material">
      <UniqueIdentifier>{70d99a20-48dd-41aa-ae39-813dee98522a}</UniqueIdentifier>
    </Filter>
    <Filter Include="소스 파일\Editor\NodeEditor\DrawElement\Node\Flow">
      <UniqueIdentifier>{a83ae78a-7fe1-4b50-92a8-9e876f7bf36a}</UniqueIdentifier>
    </Filter>
    <Filter Include="소스 파일\Editor\NodeEditor\DrawElement\Node\Control">
      <UniqueIdentifier>{20f1c96a-fdf3-41d1-9874-745a56302e24}</UniqueIdentifier>
    </Filter>
    <Filter Include="소스 파일\Editor\NodeEditor\DrawElement\Port">
      <UniqueIdentifier>{0150e72c-8d6b-4aca-afa2-93783ef95b0f}</UniqueIdentifier>
    </Filter>
    <Filter Include="소스 파일\Editor\NodeEditor\DrawElement\Port\OutputPort">
      <UniqueIdentifier>{dccc27cf-c716-45b6-a656-e740a2cca3b4}</UniqueIdentifier>
    </Filter>
    <Filter Include="소스 파일\Editor\NodeEditor\DrawElement\Port\OutputPort\Flow">
      <UniqueIdentifier>{e59c7f6a-b139-450d-a34f-960c70274844}</UniqueIdentifier>
    </Filter>
    <Filter Include="소스 파일\Editor\NodeEditor\DrawElement\Port\OutputPort\Variable">
      <UniqueIdentifier>{ce9421c9-7664-4fdd-b648-fdbef6018721}</UniqueIdentifier>
    </Filter>
    <Filter Include="소스 파일\Editor\NodeEditor\DrawElement\Port\OutputPort\Variable\Asset">
      <UniqueIdentifier>{8b58aeb9-f534-448b-b4ad-4e599e8120db}</UniqueIdentifier>
    </Filter>
    <Filter Include="소스 파일\Editor\NodeEditor\DrawElement\Port\InputPort">
      <UniqueIdentifier>{1934716a-37ec-4003-a61f-80774206215d}</UniqueIdentifier>
    </Filter>
    <Filter Include="소스 파일\Editor\NodeEditor\DrawElement\Port\InputPort\Variable">
      <UniqueIdentifier>{eccf6138-48d4-4b8e-9b98-2f383e777eed}</UniqueIdentifier>
    </Filter>
    <Filter Include="소스 파일\Editor\NodeEditor\DrawElement\Port\InputPort\Flow">
      <UniqueIdentifier>{3cdae9c1-f7d9-461a-b764-14850ab1ceb6}</UniqueIdentifier>
    </Filter>
    <Filter Include="헤더 파일\Editor\NodeEditor\DrawElement\Node">
      <UniqueIdentifier>{83e4f266-55f3-4b8a-8831-d1bd4c0cf262}</UniqueIdentifier>
    </Filter>
    <Filter Include="헤더 파일\Editor\NodeEditor\DrawElement\Node\Variable">
      <UniqueIdentifier>{671ae96e-ca88-4bae-8228-c25385770e5b}</UniqueIdentifier>
    </Filter>
    <Filter Include="헤더 파일\Editor\NodeEditor\DrawElement\Node\Variable\Asset">
      <UniqueIdentifier>{c11324d8-5d31-4c37-93ce-586a08156c1d}</UniqueIdentifier>
    </Filter>
    <Filter Include="헤더 파일\Editor\NodeEditor\DrawElement\Node\Variable\Asset\Texture">
      <UniqueIdentifier>{6941736c-772b-4fb6-ab3f-456cdf8b1511}</UniqueIdentifier>
    </Filter>
    <Filter Include="헤더 파일\Editor\NodeEditor\DrawElement\Node\Variable\Asset\Material">
      <UniqueIdentifier>{ad7689ef-6308-4d81-a34b-931455ba310b}</UniqueIdentifier>
    </Filter>
    <Filter Include="헤더 파일\Editor\NodeEditor\DrawElement\Node\Control">
      <UniqueIdentifier>{233166dd-e4b9-4355-a0d6-7455652f35bf}</UniqueIdentifier>
    </Filter>
    <Filter Include="헤더 파일\Editor\NodeEditor\DrawElement\Node\Flow">
      <UniqueIdentifier>{6c7492db-1251-494e-b3ce-85ac616ed1ac}</UniqueIdentifier>
    </Filter>
    <Filter Include="헤더 파일\Editor\NodeEditor\DrawElement\Port">
      <UniqueIdentifier>{8ffcb069-3f10-4a4a-a0ff-932cc2ff1bb8}</UniqueIdentifier>
    </Filter>
    <Filter Include="헤더 파일\Editor\NodeEditor\DrawElement\Port\OutputPort">
      <UniqueIdentifier>{92ecb1c3-7352-4035-a571-c92bb3ef9a7a}</UniqueIdentifier>
    </Filter>
    <Filter Include="헤더 파일\Editor\NodeEditor\DrawElement\Port\OutputPort\Flow">
      <UniqueIdentifier>{5b65935b-d7ff-4610-b2f2-150e20add08b}</UniqueIdentifier>
    </Filter>
    <Filter Include="헤더 파일\Editor\NodeEditor\DrawElement\Port\OutputPort\Variable">
      <UniqueIdentifier>{f2d1cab4-47c3-4006-be2e-e84b044e386f}</UniqueIdentifier>
    </Filter>
    <Filter Include="헤더 파일\Editor\NodeEditor\DrawElement\Port\OutputPort\Variable\Asset">
      <UniqueIdentifier>{99796135-f687-4cee-981c-040eda7d3742}</UniqueIdentifier>
    </Filter>
    <Filter Include="헤더 파일\Editor\NodeEditor\DrawElement\Port\InputPort">
      <UniqueIdentifier>{240a7a0b-73c1-4572-a07e-cba51dc58ec5}</UniqueIdentifier>
    </Filter>
    <Filter Include="헤더 파일\Editor\NodeEditor\DrawElement\Port\InputPort\Flow">
      <UniqueIdentifier>{ad21a7b8-9c96-4a42-8ecb-b36f3398671d}</UniqueIdentifier>
    </Filter>
    <Filter Include="헤더 파일\Editor\NodeEditor\DrawElement\Port\InputPort\Variable">
      <UniqueIdentifier>{317ea55f-e0f3-47ac-b4c4-7fe5ace415b4}</UniqueIdentifier>
    </Filter>
    <Filter Include="헤더 파일\Editor\NodeEditor\DrawElement\Port\InputPort\Variable\Asset">
      <UniqueIdentifier>{9b0b40e4-7318-4f2f-b847-c4082a40a74f}</UniqueIdentifier>
    </Filter>
    <Filter Include="소스 파일\Editor\NodeEditor\DrawElement\Node\Variable\Constant">
      <UniqueIdentifier>{727d69cd-854c-4c3f-a6e5-b81cbaf78ad1}</UniqueIdentifier>
    </Filter>
    <Filter Include="소스 파일\Editor\NodeEditor\DrawElement\Port\OutputPort\Variable\Constant">
      <UniqueIdentifier>{9df6972f-1ec6-4ec3-ab54-c84b1351d349}</UniqueIdentifier>
    </Filter>
    <Filter Include="헤더 파일\Editor\NodeEditor\DrawElement\Port\OutputPort\Variable\Constant">
      <UniqueIdentifier>{e6f32596-473d-46fb-8d98-40741d840ba2}</UniqueIdentifier>
    </Filter>
    <Filter Include="헤더 파일\Editor\NodeEditor\DrawElement\Node\Variable\Constant">
      <UniqueIdentifier>{c672daa0-3de3-4195-90cc-530b8ffe517f}</UniqueIdentifier>
    </Filter>
    <Filter Include="소스 파일\Asset\Animation">
      <UniqueIdentifier>{9d8e4019-eef2-4894-a80f-cf560f33e3a6}</UniqueIdentifier>
    </Filter>
    <Filter Include="헤더 파일\Asset\Animation">
      <UniqueIdentifier>{c9ec4a87-5e9e-4e23-91ae-8fbb7509a77f}</UniqueIdentifier>
    </Filter>
    <Filter Include="소스 파일\Animation">
      <UniqueIdentifier>{d3635ac0-2c4c-49ff-a522-a50b046f5d7b}</UniqueIdentifier>
    </Filter>
    <Filter Include="헤더 파일\Animation">
      <UniqueIdentifier>{34bca4d5-39ce-431f-9dcb-28cf64589661}</UniqueIdentifier>
    </Filter>
    <Filter Include="헤더 파일\Interface / Abstract">
      <UniqueIdentifier>{6fddc017-1621-4933-8376-8c8fa86dba4b}</UniqueIdentifier>
    </Filter>
  </ItemGroup>
  <ItemGroup>
    <ClCompile Include="PortfolioApp.cpp">
      <Filter>소스 파일\App</Filter>
    </ClCompile>
    <ClCompile Include="GraphicsPipeline.cpp">
      <Filter>소스 파일\App</Filter>
    </ClCompile>
    <ClCompile Include="AAssetFile.cpp">
      <Filter>소스 파일\Asset</Filter>
    </ClCompile>
    <ClCompile Include="BoneAsset.cpp">
      <Filter>소스 파일\Asset\Bone</Filter>
    </ClCompile>
    <ClCompile Include="AMeshAsset.cpp">
      <Filter>소스 파일\Asset\Mesh</Filter>
    </ClCompile>
    <ClCompile Include="BaseTextureAsset.cpp">
      <Filter>소스 파일\Asset\Texture</Filter>
    </ClCompile>
    <ClCompile Include="GameWorld.cpp">
      <Filter>소스 파일\World</Filter>
    </ClCompile>
    <ClCompile Include="DefineType.cpp">
      <Filter>소스 파일\Utility</Filter>
    </ClCompile>
    <ClCompile Include="MathematicalHelper.cpp">
      <Filter>소스 파일\Utility</Filter>
    </ClCompile>
    <ClCompile Include="MapAsset.cpp">
      <Filter>소스 파일\Asset\Map</Filter>
    </ClCompile>
    <ClCompile Include="FileSelectDialog.cpp">
      <Filter>소스 파일\Editor\GUI\DIalog</Filter>
    </ClCompile>
    <ClCompile Include="MapOutlinerWindow.cpp">
      <Filter>소스 파일\Editor\GUI\Window</Filter>
    </ClCompile>
    <ClCompile Include="TaskAnalyzerWindow.cpp">
      <Filter>소스 파일\Editor\GUI\Window</Filter>
    </ClCompile>
    <ClCompile Include="ViewportWindow.cpp">
      <Filter>소스 파일\Editor\GUI\Window</Filter>
    </ClCompile>
    <ClCompile Include="AssetManagerWindow.cpp">
      <Filter>소스 파일\Editor\GUI\Window</Filter>
    </ClCompile>
    <ClCompile Include="StringHelper.cpp">
      <Filter>소스 파일\Utility</Filter>
    </ClCompile>
    <ClCompile Include="Debugable.cpp">
      <Filter>소스 파일\Object</Filter>
    </ClCompile>
    <ClCompile Include="APlaceableObject.cpp">
      <Filter>소스 파일\Object\Placeable</Filter>
    </ClCompile>
    <ClCompile Include="AAttachableObject.cpp">
      <Filter>소스 파일\Object\Attachable</Filter>
    </ClCompile>
    <ClCompile Include="ABoundingObject.cpp">
      <Filter>소스 파일\Object\Attachable\BoundingObject</Filter>
    </ClCompile>
    <ClCompile Include="BoundingSphereObject.cpp">
      <Filter>소스 파일\Object\Attachable\BoundingObject</Filter>
    </ClCompile>
    <ClCompile Include="OBBObject.cpp">
      <Filter>소스 파일\Object\Attachable\BoundingObject</Filter>
    </ClCompile>
    <ClCompile Include="BoundingFrustumObject.cpp">
      <Filter>소스 파일\Object\Attachable\BoundingObject</Filter>
    </ClCompile>
    <ClCompile Include="CollisionVisitor.cpp">
      <Filter>소스 파일\Collision</Filter>
    </ClCompile>
    <ClCompile Include="Viewable.cpp">
      <Filter>소스 파일\Object\View</Filter>
    </ClCompile>
    <ClCompile Include="ACamera.cpp">
      <Filter>소스 파일\Object\View</Filter>
    </ClCompile>
    <ClCompile Include="IDColor.cpp">
      <Filter>소스 파일\Object</Filter>
    </ClCompile>
    <ClCompile Include="AObject.cpp">
      <Filter>소스 파일\Object</Filter>
    </ClCompile>
    <ClCompile Include="PSOManager.cpp">
      <Filter>소스 파일\PSO</Filter>
    </ClCompile>
    <ClCompile Include="PSOObject.cpp">
      <Filter>소스 파일\PSO</Filter>
    </ClCompile>
    <ClCompile Include="AssetManager.cpp">
      <Filter>소스 파일\Asset</Filter>
    </ClCompile>
    <ClCompile Include="GlobalVariable.cpp">
      <Filter>소스 파일\Global</Filter>
    </ClCompile>
    <ClCompile Include="ModelDetailWindow.cpp">
      <Filter>소스 파일\Editor\GUI\Window</Filter>
    </ClCompile>
    <ClCompile Include="AAddObjectHelper.cpp">
      <Filter>소스 파일\Editor\GUI\Visitor\Outliner\Helper\AddObjectModal</Filter>
    </ClCompile>
    <ClCompile Include="AController.cpp">
      <Filter>소스 파일\Controller</Filter>
    </ClCompile>
    <ClCompile Include="DefaultController.cpp">
      <Filter>소스 파일\Controller\UserController</Filter>
    </ClCompile>
    <ClCompile Include="InputEventManager.cpp">
      <Filter>소스 파일\Controller\InputEvent</Filter>
    </ClCompile>
    <ClCompile Include="KeyEvent.cpp">
      <Filter>소스 파일\Controller\InputEvent\Events</Filter>
    </ClCompile>
    <ClCompile Include="MaterialAsset.cpp">
      <Filter>소스 파일\Asset\Texture</Filter>
    </ClCompile>
    <ClCompile Include="MouseEvent.cpp">
      <Filter>소스 파일\Controller\InputEvent</Filter>
    </ClCompile>
    <ClCompile Include="EXRTextureAsset.cpp">
      <Filter>소스 파일\Asset\Texture</Filter>
    </ClCompile>
    <ClCompile Include="Externals\imgui\imgui_impl_dx11.cpp">
      <Filter>Externals\Imgui</Filter>
    </ClCompile>
    <ClCompile Include="Externals\imgui\imgui_impl_win32.cpp">
      <Filter>Externals\Imgui</Filter>
    </ClCompile>
    <ClCompile Include="Externals\DDSTextureLoader\DDSTextureLoader11.cpp">
      <Filter>Externals\DDSTextureLoader</Filter>
    </ClCompile>
    <ClCompile Include="ATextureAsset.cpp">
      <Filter>소스 파일\Asset\Texture</Filter>
    </ClCompile>
    <ClCompile Include="AScratchTextureAsset.cpp">
      <Filter>소스 파일\Asset\Texture</Filter>
    </ClCompile>
    <ClCompile Include="DDSTextureAsset.cpp">
      <Filter>소스 파일\Asset\Texture</Filter>
    </ClCompile>
    <ClCompile Include="EditorPawn.cpp">
      <Filter>소스 파일\Object\Placeable\Pawn</Filter>
    </ClCompile>
    <ClCompile Include="EnvironmentActor.cpp">
      <Filter>소스 파일\Object\Placeable\Actor</Filter>
    </ClCompile>
    <ClCompile Include="ANBTMeshAsset.cpp">
      <Filter>소스 파일\Asset\Mesh\NBTMesh</Filter>
    </ClCompile>
    <ClCompile Include="BaseSphereMeshAsset.cpp">
      <Filter>소스 파일\Asset\Mesh\BaseMesh</Filter>
    </ClCompile>
    <ClCompile Include="SkeletalMeshAsset.cpp">
      <Filter>소스 파일\Asset\Mesh\NBTMesh</Filter>
    </ClCompile>
    <ClCompile Include="StaticMeshAsset.cpp">
      <Filter>소스 파일\Asset\Mesh\NBTMesh</Filter>
    </ClCompile>
    <ClCompile Include="BaseCubeMeshAsset.cpp">
      <Filter>소스 파일\Asset\Mesh\BaseMesh</Filter>
    </ClCompile>
    <ClCompile Include="BaseMeshAsset.cpp">
      <Filter>소스 파일\Asset\Mesh\BaseMesh</Filter>
    </ClCompile>
    <ClCompile Include="ModelHelper.cpp">
      <Filter>소스 파일\Utility</Filter>
    </ClCompile>
    <ClCompile Include="StaticMeshObject.cpp">
      <Filter>소스 파일\Object\Attachable\Mesh</Filter>
    </ClCompile>
    <ClCompile Include="SkeletalMeshObject.cpp">
      <Filter>소스 파일\Object\Attachable\Mesh</Filter>
    </ClCompile>
    <ClCompile Include="AMeshObject.cpp">
      <Filter>소스 파일\Object\Attachable\Mesh</Filter>
    </ClCompile>
    <ClCompile Include="StaticMeshObjectActor.cpp">
      <Filter>소스 파일\Object\Placeable\Actor</Filter>
    </ClCompile>
    <ClCompile Include="SkeletalMeshObjectActor.cpp">
      <Filter>소스 파일\Object\Placeable\Actor</Filter>
    </ClCompile>
    <ClCompile Include="AMovable.cpp">
      <Filter>소스 파일\Object</Filter>
    </ClCompile>
    <ClCompile Include="HDRCamera.cpp">
      <Filter>소스 파일\Object\View</Filter>
    </ClCompile>
    <ClCompile Include="SkeletalMeshObjetPSO.cpp">
      <Filter>소스 파일\PSO</Filter>
    </ClCompile>
    <ClCompile Include="BoundingOBBInformationDrawer.cpp">
      <Filter>소스 파일\Editor\GUI\Visitor\Outliner\Helper\InformationDrawer\Helper</Filter>
    </ClCompile>
    <ClCompile Include="BoundingSphereInformationDrawer.cpp">
      <Filter>소스 파일\Editor\GUI\Visitor\Outliner\Helper\InformationDrawer\Helper</Filter>
    </ClCompile>
    <ClCompile Include="SkeletalMeshObjectInformationDrawer.cpp">
      <Filter>소스 파일\Editor\GUI\Visitor\Outliner\Helper\InformationDrawer\Helper</Filter>
    </ClCompile>
    <ClCompile Include="StaticMeshObjectInformationDrawer.cpp">
      <Filter>소스 파일\Editor\GUI\Visitor\Outliner\Helper\InformationDrawer\Helper</Filter>
    </ClCompile>
    <ClCompile Include="TransformationInformationDrawer.cpp">
      <Filter>소스 파일\Editor\GUI\Visitor\Outliner\Helper\InformationDrawer\Helper</Filter>
    </ClCompile>
    <ClCompile Include="ViewableInformationDrawer.cpp">
      <Filter>소스 파일\Editor\GUI\Visitor\Outliner\Helper\InformationDrawer\Helper</Filter>
    </ClCompile>
    <ClCompile Include="ModelDetailedInformationVisitor.cpp">
      <Filter>소스 파일\Editor\GUI\Visitor\Outliner\Helper\InformationDrawer</Filter>
    </ClCompile>
    <ClCompile Include="EnvironementActorDrawer.cpp">
      <Filter>소스 파일\Editor\GUI\Visitor\Outliner\Helper\InformationDrawer\Helper</Filter>
    </ClCompile>
    <ClCompile Include="AssetPriorityManager.cpp">
      <Filter>소스 파일\Asset</Filter>
    </ClCompile>
    <ClCompile Include="MaterialInformationDrawer.cpp">
      <Filter>소스 파일\Editor\GUI\Visitor\Outliner\Helper\InformationDrawer\Helper</Filter>
    </ClCompile>
    <ClCompile Include="AActor.cpp">
      <Filter>소스 파일\Object\Placeable\Actor</Filter>
    </ClCompile>
    <ClCompile Include="APawn.cpp">
      <Filter>소스 파일\Object\Placeable\Pawn</Filter>
    </ClCompile>
    <ClCompile Include="AssetControl.cpp">
      <Filter>소스 파일\Editor\GUI\Control</Filter>
    </ClCompile>
    <ClCompile Include="EditorWorld.cpp">
      <Filter>소스 파일\World</Filter>
    </ClCompile>
    <ClCompile Include="InputPort.cpp">
      <Filter>소스 파일\Editor\NodeEditor\DrawElement\Port\InputPort</Filter>
    </ClCompile>
    <ClCompile Include="AOutputPort.cpp">
      <Filter>소스 파일\Editor\NodeEditor\DrawElement\Port\OutputPort</Filter>
    </ClCompile>
    <ClCompile Include="NodeElement.cpp">
      <Filter>소스 파일\Editor\NodeEditor\DrawElement\Node</Filter>
    </ClCompile>
    <ClCompile Include="NodeColorVariable.cpp">
      <Filter>소스 파일\Global</Filter>
    </ClCompile>
    <ClCompile Include="UIVariable.cpp">
      <Filter>소스 파일\Global</Filter>
    </ClCompile>
    <ClCompile Include="ControlNode.cpp">
      <Filter>소스 파일\Editor\NodeEditor\DrawElement\Node\Control</Filter>
    </ClCompile>
    <ClCompile Include="FlowEndNode.cpp">
      <Filter>소스 파일\Editor\NodeEditor\DrawElement\Node\Flow</Filter>
    </ClCompile>
    <ClCompile Include="FlowMidNode.cpp">
      <Filter>소스 파일\Editor\NodeEditor\DrawElement\Node\Flow</Filter>
    </ClCompile>
    <ClCompile Include="FlowNode.cpp">
      <Filter>소스 파일\Editor\NodeEditor\DrawElement\Node\Flow</Filter>
    </ClCompile>
    <ClCompile Include="FlowStartNode.cpp">
      <Filter>소스 파일\Editor\NodeEditor\DrawElement\Node\Flow</Filter>
    </ClCompile>
    <ClCompile Include="VariableInputNode.cpp">
      <Filter>소스 파일\Editor\NodeEditor\DrawElement\Node\Variable</Filter>
    </ClCompile>
    <ClCompile Include="VariableNode.cpp">
      <Filter>소스 파일\Editor\NodeEditor\DrawElement\Node\Variable</Filter>
    </ClCompile>
    <ClCompile Include="VariableOutputNode.cpp">
      <Filter>소스 파일\Editor\NodeEditor\DrawElement\Node\Variable</Filter>
    </ClCompile>
    <ClCompile Include="VariablePredicateNode.cpp">
      <Filter>소스 파일\Editor\NodeEditor\DrawElement\Node\Variable</Filter>
    </ClCompile>
    <ClCompile Include="ANodeCanvas.cpp">
      <Filter>소스 파일\Editor\NodeEditor\Canvas</Filter>
    </ClCompile>
    <ClCompile Include="MaterialAssetNodeCanvas.cpp">
      <Filter>소스 파일\Editor\NodeEditor\Canvas</Filter>
    </ClCompile>
    <ClCompile Include="AAssetNodeCanvas.cpp">
      <Filter>소스 파일\Editor\NodeEditor\Canvas</Filter>
    </ClCompile>
    <ClCompile Include="PortElement.cpp">
      <Filter>소스 파일\Editor\NodeEditor\DrawElement\Port</Filter>
    </ClCompile>
    <ClCompile Include="ADrawElement.cpp">
      <Filter>소스 파일\Editor\NodeEditor\DrawElement\Node</Filter>
    </ClCompile>
    <ClCompile Include="RectangleDrawElement.cpp">
      <Filter>소스 파일\Editor\NodeEditor\DrawElement\Node</Filter>
    </ClCompile>
    <ClCompile Include="FlowInputPort.cpp">
      <Filter>소스 파일\Editor\NodeEditor\DrawElement\Port\InputPort\Flow</Filter>
    </ClCompile>
    <ClCompile Include="VariableInputPort.cpp">
      <Filter>소스 파일\Editor\NodeEditor\DrawElement\Port\InputPort\Variable</Filter>
    </ClCompile>
    <ClCompile Include="AssetVariableInputPort.cpp">
      <Filter>소스 파일\Editor\NodeEditor\DrawElement\Port\InputPort\Variable</Filter>
    </ClCompile>
    <ClCompile Include="FlowOutputPort.cpp">
      <Filter>소스 파일\Editor\NodeEditor\DrawElement\Port\OutputPort\Flow</Filter>
    </ClCompile>
    <ClCompile Include="VariableOutputPort.cpp">
      <Filter>소스 파일\Editor\NodeEditor\DrawElement\Port\OutputPort\Variable</Filter>
    </ClCompile>
    <ClCompile Include="main.cpp">
      <Filter>소스 파일</Filter>
    </ClCompile>
    <ClCompile Include="BaseTextureOutputPort.cpp">
      <Filter>소스 파일\Editor\NodeEditor\DrawElement\Port\OutputPort\Variable\Asset</Filter>
    </ClCompile>
    <ClCompile Include="MaterialOutputNode.cpp">
      <Filter>소스 파일\Editor\NodeEditor\DrawElement\Node\Variable\Asset\Material</Filter>
    </ClCompile>
    <ClCompile Include="BaseTextureInputNode.cpp">
      <Filter>소스 파일\Editor\NodeEditor\DrawElement\Node\Variable\Asset\Texture</Filter>
    </ClCompile>
    <ClCompile Include="AssetSelectHelper.cpp">
      <Filter>소스 파일\Editor</Filter>
    </ClCompile>
    <ClCompile Include="APopup.cpp">
      <Filter>소스 파일\Editor\GUI\Popup</Filter>
    </ClCompile>
    <ClCompile Include="AddMaterialElementPopup.cpp">
      <Filter>소스 파일\Editor\GUI\Popup\Extended</Filter>
    </ClCompile>
    <ClCompile Include="AddAssetFilePopup.cpp">
      <Filter>소스 파일\Editor\GUI\Popup\Extended</Filter>
    </ClCompile>
    <ClCompile Include="AModal.cpp">
      <Filter>소스 파일\Editor\GUI\Modal</Filter>
    </ClCompile>
    <ClCompile Include="AObjectManageModal.cpp">
      <Filter>소스 파일\Editor\GUI\Modal\Extended</Filter>
    </ClCompile>
    <ClCompile Include="AddAttachableModal.cpp">
      <Filter>소스 파일\Editor\GUI\Modal\Extended\ObjectModal</Filter>
    </ClCompile>
    <ClCompile Include="AddPlaceableModal.cpp">
      <Filter>소스 파일\Editor\GUI\Modal\Extended\ObjectModal</Filter>
    </ClCompile>
    <ClCompile Include="DeleteAttachableModal.cpp">
      <Filter>소스 파일\Editor\GUI\Modal\Extended\ObjectModal</Filter>
    </ClCompile>
    <ClCompile Include="DeletePlaceableModal.cpp">
      <Filter>소스 파일\Editor\GUI\Modal\Extended\ObjectModal</Filter>
    </ClCompile>
    <ClCompile Include="CreateAssetFileModal.cpp">
      <Filter>소스 파일\Editor\GUI\Modal\Extended\AssetFileModal</Filter>
    </ClCompile>
    <ClCompile Include="UploadableBufferManager.cpp">
      <Filter>소스 파일\Buffer\Dynamic</Filter>
    </ClCompile>
    <ClCompile Include="Float3VariableOutputPort.cpp">
      <Filter>소스 파일\Editor\NodeEditor\DrawElement\Port\OutputPort\Variable\Constant</Filter>
    </ClCompile>
    <ClCompile Include="Float3InputNode.cpp">
      <Filter>소스 파일\Editor\NodeEditor\DrawElement\Node\Variable\Constant</Filter>
    </ClCompile>
    <ClCompile Include="AnimationAsset.cpp">
      <Filter>소스 파일\Asset\Animation</Filter>
    </ClCompile>
    <ClCompile Include="SDRCamera.cpp">
      <Filter>소스 파일\Object\View</Filter>
    </ClCompile>
    <ClCompile Include="AnimationPlayer.cpp">
      <Filter>소스 파일\Animation</Filter>
    </ClCompile>
    <ClCompile Include="StructuredBuffer.cpp">
      <Filter>소스 파일\Buffer\Dynamic</Filter>
    </ClCompile>
  </ItemGroup>
  <ItemGroup>
    <ClInclude Include="BoneAsset.h">
      <Filter>헤더 파일\Asset\Bone</Filter>
    </ClInclude>
    <ClInclude Include="AAssetFile.h">
      <Filter>헤더 파일\Asset</Filter>
    </ClInclude>
    <ClInclude Include="AssetManager.h">
      <Filter>헤더 파일\Asset</Filter>
    </ClInclude>
    <ClInclude Include="AMeshAsset.h">
      <Filter>헤더 파일\Asset\Mesh</Filter>
    </ClInclude>
    <ClInclude Include="BaseTextureAsset.h">
      <Filter>헤더 파일\Asset\Texture</Filter>
    </ClInclude>
    <ClInclude Include="GameWorld.h">
      <Filter>헤더 파일\World</Filter>
    </ClInclude>
    <ClInclude Include="DefineType.h">
      <Filter>헤더 파일\Utility</Filter>
    </ClInclude>
    <ClInclude Include="DefineUtility.h">
      <Filter>헤더 파일\Utility</Filter>
    </ClInclude>
    <ClInclude Include="HeaderHelper.h">
      <Filter>헤더 파일\Utility</Filter>
    </ClInclude>
    <ClInclude Include="MathematicalHelper.h">
      <Filter>헤더 파일\Utility</Filter>
    </ClInclude>
    <ClInclude Include="MapAsset.h">
      <Filter>헤더 파일\Asset\Map</Filter>
    </ClInclude>
    <ClInclude Include="PortfolioApp.h">
      <Filter>헤더 파일\App</Filter>
    </ClInclude>
    <ClInclude Include="GraphicsPipeline.h">
      <Filter>헤더 파일\App</Filter>
    </ClInclude>
    <ClInclude Include="ConstantBuffer.h">
      <Filter>헤더 파일\Buffer\Constant</Filter>
    </ClInclude>
    <ClInclude Include="ConstantArrayBuffer.h">
      <Filter>헤더 파일\Buffer\Constant</Filter>
    </ClInclude>
    <ClInclude Include="Buffer.h">
      <Filter>헤더 파일\Buffer</Filter>
    </ClInclude>
    <ClInclude Include="UploadBuffer.h">
      <Filter>헤더 파일\Buffer\Dynamic</Filter>
    </ClInclude>
    <ClInclude Include="VertexBuffer.h">
      <Filter>헤더 파일\Buffer\Constant</Filter>
    </ClInclude>
    <ClInclude Include="IndexBuffer.h">
      <Filter>헤더 파일\Buffer\Constant</Filter>
    </ClInclude>
    <ClInclude Include="TaskAnalyzerWindow.h">
      <Filter>헤더 파일\Editor\GUI\Window</Filter>
    </ClInclude>
    <ClInclude Include="ViewportWindow.h">
      <Filter>헤더 파일\Editor\GUI\Window</Filter>
    </ClInclude>
    <ClInclude Include="FileSelectDialog.h">
      <Filter>헤더 파일\Editor\GUI\Dialog</Filter>
    </ClInclude>
    <ClInclude Include="AssetManagerWindow.h">
      <Filter>헤더 파일\Editor\GUI\Window</Filter>
    </ClInclude>
    <ClInclude Include="StringHelper.h">
      <Filter>헤더 파일\Utility</Filter>
    </ClInclude>
    <ClInclude Include="OBBObject.h">
      <Filter>헤더 파일\Object\Attachable\BoundingObject</Filter>
    </ClInclude>
    <ClInclude Include="AObject.h">
      <Filter>헤더 파일\Object</Filter>
    </ClInclude>
    <ClInclude Include="BoundingSphereObject.h">
      <Filter>헤더 파일\Object\Attachable\BoundingObject</Filter>
    </ClInclude>
    <ClInclude Include="Indexable.h">
      <Filter>헤더 파일\Asset</Filter>
    </ClInclude>
    <ClInclude Include="Vertexable.h">
      <Filter>헤더 파일\Asset</Filter>
    </ClInclude>
    <ClInclude Include="Debugable.h">
      <Filter>헤더 파일\Object</Filter>
    </ClInclude>
    <ClInclude Include="APlaceableObject.h">
      <Filter>헤더 파일\Object\Placeable</Filter>
    </ClInclude>
    <ClInclude Include="AAttachableObject.h">
      <Filter>헤더 파일\Object\Attachable</Filter>
    </ClInclude>
    <ClInclude Include="ABoundingObject.h">
      <Filter>헤더 파일\Object\Attachable\BoundingObject</Filter>
    </ClInclude>
    <ClInclude Include="BoundingFrustumObject.h">
      <Filter>헤더 파일\Object\Attachable\BoundingObject</Filter>
    </ClInclude>
    <ClInclude Include="CollisionVisitor.h">
      <Filter>헤더 파일\Collision</Filter>
    </ClInclude>
    <ClInclude Include="MapOutlinerWindow.h">
      <Filter>헤더 파일\Editor\GUI\Window</Filter>
    </ClInclude>
    <ClInclude Include="Viewable.h">
      <Filter>헤더 파일\Object\Attachable\View</Filter>
    </ClInclude>
    <ClInclude Include="ACamera.h">
      <Filter>헤더 파일\Object\Attachable\View</Filter>
    </ClInclude>
    <ClInclude Include="IGuiModelVisitor.h">
      <Filter>헤더 파일\Editor\GUI\Visitor</Filter>
    </ClInclude>
    <ClInclude Include="IDColor.h">
      <Filter>헤더 파일\Object</Filter>
    </ClInclude>
    <ClInclude Include="PSOManager.h">
      <Filter>헤더 파일\PSO</Filter>
    </ClInclude>
    <ClInclude Include="PSOObject.h">
      <Filter>헤더 파일\PSO</Filter>
    </ClInclude>
    <ClInclude Include="PSOObjectHelper.h">
      <Filter>헤더 파일\PSO</Filter>
    </ClInclude>
    <ClInclude Include="GlobalVariable.h">
      <Filter>헤더 파일\Global</Filter>
    </ClInclude>
    <ClInclude Include="StaticAssertHelper.h">
      <Filter>헤더 파일\Utility</Filter>
    </ClInclude>
    <ClInclude Include="ModelDetailWindow.h">
      <Filter>헤더 파일\Editor\GUI\Window</Filter>
    </ClInclude>
    <ClInclude Include="ModelDetailedInformationVisitor.h">
      <Filter>헤더 파일\Editor\GUI\Visitor\Outliner\Helper\InformationDrawer</Filter>
    </ClInclude>
    <ClInclude Include="AAddObjectHelper.h">
      <Filter>헤더 파일\Editor\GUI\Visitor\Outliner\Helper\AddObject</Filter>
    </ClInclude>
    <ClInclude Include="AController.h">
      <Filter>헤더 파일\Controller</Filter>
    </ClInclude>
    <ClInclude Include="AActor.h">
      <Filter>헤더 파일\Object\Placeable\Actor</Filter>
    </ClInclude>
    <ClInclude Include="APawn.h">
      <Filter>헤더 파일\Object\Placeable\Pawn</Filter>
    </ClInclude>
    <ClInclude Include="ISerializable.h">
      <Filter>헤더 파일\Interface / Abstract</Filter>
    </ClInclude>
    <ClInclude Include="IWorld.h">
      <Filter>헤더 파일\Interface / Abstract</Filter>
    </ClInclude>
    <ClInclude Include="IIntersectable.h">
      <Filter>헤더 파일\Interface / Abstract</Filter>
    </ClInclude>
    <ClInclude Include="ICollisionVisitor.h">
      <Filter>헤더 파일\Interface / Abstract</Filter>
    </ClInclude>
    <ClInclude Include="IDownloadableBuffer.h">
      <Filter>헤더 파일\Interface / Abstract</Filter>
    </ClInclude>
    <ClInclude Include="IUpdatable.h">
      <Filter>헤더 파일\Interface / Abstract</Filter>
    </ClInclude>
    <ClInclude Include="DefaultController.h">
      <Filter>헤더 파일\Controller\UserController</Filter>
    </ClInclude>
    <ClInclude Include="Todo.h">
      <Filter>헤더 파일\Utility</Filter>
    </ClInclude>
    <ClInclude Include="InputEventManager.h">
      <Filter>헤더 파일\Controller\InputEvent</Filter>
    </ClInclude>
    <ClInclude Include="KeyEvent.h">
      <Filter>헤더 파일\Controller\InputEvent\Events</Filter>
    </ClInclude>
    <ClInclude Include="MouseEvent.h">
      <Filter>헤더 파일\Controller\InputEvent\Events</Filter>
    </ClInclude>
    <ClInclude Include="DefineInput.h">
      <Filter>헤더 파일\Utility</Filter>
    </ClInclude>
    <ClInclude Include="MaterialAsset.h">
      <Filter>헤더 파일\Asset\Texture</Filter>
    </ClInclude>
    <ClInclude Include="EXRTextureAsset.h">
      <Filter>헤더 파일\Asset\Texture</Filter>
    </ClInclude>
    <ClInclude Include="Externals\imgui\imgui_impl_dx11.h">
      <Filter>Externals\Imgui</Filter>
    </ClInclude>
    <ClInclude Include="Externals\imgui\imgui_impl_win32.h">
      <Filter>Externals\Imgui</Filter>
    </ClInclude>
    <ClInclude Include="Externals\DDSTextureLoader\DDSTextureLoader11.h">
      <Filter>Externals\DDSTextureLoader</Filter>
    </ClInclude>
    <ClInclude Include="AScratchTextureAsset.h">
      <Filter>헤더 파일\Asset\Texture</Filter>
    </ClInclude>
    <ClInclude Include="ATextureAsset.h">
      <Filter>헤더 파일\Asset\Texture</Filter>
    </ClInclude>
    <ClInclude Include="DDSTextureAsset.h">
      <Filter>헤더 파일\Asset\Texture</Filter>
    </ClInclude>
    <ClInclude Include="EditorPawn.h">
      <Filter>헤더 파일\Object\Placeable\Pawn</Filter>
    </ClInclude>
    <ClInclude Include="EnvironmentActor.h">
      <Filter>헤더 파일\Object\Placeable\Actor</Filter>
    </ClInclude>
    <ClInclude Include="ANBTMeshAsset.h">
      <Filter>헤더 파일\Asset\Mesh\NBTMesh</Filter>
    </ClInclude>
    <ClInclude Include="SkeletalMeshAsset.h">
      <Filter>헤더 파일\Asset\Mesh\NBTMesh</Filter>
    </ClInclude>
    <ClInclude Include="StaticMeshAsset.h">
      <Filter>헤더 파일\Asset\Mesh\NBTMesh</Filter>
    </ClInclude>
    <ClInclude Include="BaseSphereMeshAsset.h">
      <Filter>헤더 파일\Asset\Mesh\BaseMesh</Filter>
    </ClInclude>
    <ClInclude Include="BaseMeshAsset.h">
      <Filter>헤더 파일\Asset\Mesh\BaseMesh</Filter>
    </ClInclude>
    <ClInclude Include="BaseCubeMeshAsset.h">
      <Filter>헤더 파일\Asset\Mesh\BaseMesh</Filter>
    </ClInclude>
    <ClInclude Include="ModelHelper.h">
      <Filter>헤더 파일\Utility</Filter>
    </ClInclude>
    <ClInclude Include="StaticMeshObject.h">
      <Filter>헤더 파일\Object\Attachable\Mesh</Filter>
    </ClInclude>
    <ClInclude Include="SkeletalMeshObject.h">
      <Filter>헤더 파일\Object\Attachable\Mesh</Filter>
    </ClInclude>
    <ClInclude Include="AMeshObject.h">
      <Filter>헤더 파일\Object\Attachable\Mesh</Filter>
    </ClInclude>
    <ClInclude Include="StaticMeshObjectActor.h">
      <Filter>헤더 파일\Object\Placeable\Actor</Filter>
    </ClInclude>
    <ClInclude Include="SkeletalMeshObjectActor.h">
      <Filter>헤더 파일\Object\Placeable\Actor</Filter>
    </ClInclude>
    <ClInclude Include="AMovable.h">
      <Filter>헤더 파일\Object</Filter>
    </ClInclude>
    <ClInclude Include="HDRCamera.h">
      <Filter>헤더 파일\Object\Attachable\View</Filter>
    </ClInclude>
    <ClInclude Include="SkeletalMeshObjetPSO.h">
      <Filter>헤더 파일\PSO</Filter>
    </ClInclude>
    <ClInclude Include="BoundingOBBInformationDrawer.h">
      <Filter>헤더 파일\Editor\GUI\Visitor\Outliner\Helper\InformationDrawer\Helper</Filter>
    </ClInclude>
    <ClInclude Include="BoundingSphereInformationDrawer.h">
      <Filter>헤더 파일\Editor\GUI\Visitor\Outliner\Helper\InformationDrawer\Helper</Filter>
    </ClInclude>
    <ClInclude Include="IInformationDrawer.h">
      <Filter>헤더 파일\Editor\GUI\Visitor\Outliner\Helper\InformationDrawer\Helper</Filter>
    </ClInclude>
    <ClInclude Include="SkeletalMeshObjectInformationDrawer.h">
      <Filter>헤더 파일\Editor\GUI\Visitor\Outliner\Helper\InformationDrawer\Helper</Filter>
    </ClInclude>
    <ClInclude Include="StaticMeshObjectInformationDrawer.h">
      <Filter>헤더 파일\Editor\GUI\Visitor\Outliner\Helper\InformationDrawer\Helper</Filter>
    </ClInclude>
    <ClInclude Include="TransformationInformationDrawer.h">
      <Filter>헤더 파일\Editor\GUI\Visitor\Outliner\Helper\InformationDrawer\Helper</Filter>
    </ClInclude>
    <ClInclude Include="ViewableInformationDrawer.h">
      <Filter>헤더 파일\Editor\GUI\Visitor\Outliner\Helper\InformationDrawer\Helper</Filter>
    </ClInclude>
    <ClInclude Include="EnvironementActorDrawer.h">
      <Filter>헤더 파일\Editor\GUI\Visitor\Outliner\Helper\InformationDrawer\Helper</Filter>
    </ClInclude>
    <ClInclude Include="IGuiModelAcceptor.h">
      <Filter>헤더 파일\Editor\GUI\Visitor</Filter>
    </ClInclude>
    <ClInclude Include="IRenderable.h">
      <Filter>헤더 파일\Interface / Abstract</Filter>
    </ClInclude>
    <ClInclude Include="Delegation.h">
      <Filter>헤더 파일\Delegation</Filter>
    </ClInclude>
    <ClInclude Include="AssetPriorityManager.h">
      <Filter>헤더 파일\Asset</Filter>
    </ClInclude>
    <ClInclude Include="MaterialInformationDrawer.h">
      <Filter>헤더 파일\Editor\GUI\Visitor\Outliner\Helper\InformationDrawer\Helper</Filter>
    </ClInclude>
    <ClInclude Include="AssetControl.h">
      <Filter>헤더 파일\Editor\GUI\Control</Filter>
    </ClInclude>
    <ClInclude Include="AssetControlWindow.h">
      <Filter>헤더 파일\Editor\GUI\Window</Filter>
    </ClInclude>
    <ClInclude Include="EditorWorld.h">
      <Filter>헤더 파일\World</Filter>
    </ClInclude>
    <ClInclude Include="IGuiControl.h">
      <Filter>헤더 파일\Editor</Filter>
    </ClInclude>
    <ClInclude Include="IDialog.h">
      <Filter>헤더 파일\Editor</Filter>
    </ClInclude>
    <ClInclude Include="AWindow.h">
      <Filter>헤더 파일\Editor</Filter>
    </ClInclude>
    <ClInclude Include="ADrawElement.h">
      <Filter>헤더 파일\Editor\NodeEditor\DrawElement</Filter>
    </ClInclude>
    <ClInclude Include="InputPort.h">
      <Filter>헤더 파일\Editor\NodeEditor\DrawElement\Port\InputPort</Filter>
    </ClInclude>
    <ClInclude Include="AOutputPort.h">
      <Filter>헤더 파일\Editor\NodeEditor\DrawElement\Port\OutputPort</Filter>
    </ClInclude>
    <ClInclude Include="NodeElement.h">
      <Filter>헤더 파일\Editor\NodeEditor\DrawElement\Node</Filter>
    </ClInclude>
    <ClInclude Include="NodeColorVariable.h">
      <Filter>헤더 파일\Global</Filter>
    </ClInclude>
    <ClInclude Include="UIVariable.h">
      <Filter>헤더 파일\Global</Filter>
    </ClInclude>
    <ClInclude Include="FlowEndNode.h">
      <Filter>헤더 파일\Editor\NodeEditor\DrawElement\Node\Flow</Filter>
    </ClInclude>
    <ClInclude Include="FlowMidNode.h">
      <Filter>헤더 파일\Editor\NodeEditor\DrawElement\Node\Flow</Filter>
    </ClInclude>
    <ClInclude Include="FlowNode.h">
      <Filter>헤더 파일\Editor\NodeEditor\DrawElement\Node\Flow</Filter>
    </ClInclude>
    <ClInclude Include="FlowStartNode.h">
      <Filter>헤더 파일\Editor\NodeEditor\DrawElement\Node\Flow</Filter>
    </ClInclude>
    <ClInclude Include="VariableInputNode.h">
      <Filter>헤더 파일\Editor\NodeEditor\DrawElement\Node\Variable</Filter>
    </ClInclude>
    <ClInclude Include="VariableNode.h">
      <Filter>헤더 파일\Editor\NodeEditor\DrawElement\Node\Variable</Filter>
    </ClInclude>
    <ClInclude Include="VariableOutputNode.h">
      <Filter>헤더 파일\Editor\NodeEditor\DrawElement\Node\Variable</Filter>
    </ClInclude>
    <ClInclude Include="VariablePredicateNode.h">
      <Filter>헤더 파일\Editor\NodeEditor\DrawElement\Node\Variable</Filter>
    </ClInclude>
    <ClInclude Include="ControlNode.h">
      <Filter>헤더 파일\Editor\NodeEditor\DrawElement\Node\Control</Filter>
    </ClInclude>
    <ClInclude Include="ANodeCanvas.h">
      <Filter>헤더 파일\Editor\NodeEditor\Canvas</Filter>
    </ClInclude>
    <ClInclude Include="MaterialAssetNodeCanvas.h">
      <Filter>헤더 파일\Editor\NodeEditor\Canvas</Filter>
    </ClInclude>
    <ClInclude Include="AAssetNodeCanvas.h">
      <Filter>헤더 파일\Editor\NodeEditor\Canvas</Filter>
    </ClInclude>
    <ClInclude Include="PortElement.h">
      <Filter>헤더 파일\Editor\NodeEditor\DrawElement\Port</Filter>
    </ClInclude>
    <ClInclude Include="RectangleDrawElement.h">
      <Filter>헤더 파일\Editor\NodeEditor\DrawElement\Node</Filter>
    </ClInclude>
    <ClInclude Include="AssetVariableInputPort.h">
      <Filter>헤더 파일\Editor\NodeEditor\DrawElement\Port\InputPort\Variable\Asset</Filter>
    </ClInclude>
    <ClInclude Include="VariableInputPort.h">
      <Filter>헤더 파일\Editor\NodeEditor\DrawElement\Port\InputPort\Variable</Filter>
    </ClInclude>
    <ClInclude Include="FlowInputPort.h">
      <Filter>헤더 파일\Editor\NodeEditor\DrawElement\Port\InputPort\Flow</Filter>
    </ClInclude>
    <ClInclude Include="VariableOutputPort.h">
      <Filter>헤더 파일\Editor\NodeEditor\DrawElement\Port\OutputPort\Variable</Filter>
    </ClInclude>
    <ClInclude Include="FlowOutputPort.h">
      <Filter>헤더 파일\Editor\NodeEditor\DrawElement\Port\OutputPort\Flow</Filter>
    </ClInclude>
    <ClInclude Include="BaseTextureOutputPort.h">
      <Filter>헤더 파일\Editor\NodeEditor\DrawElement\Port\OutputPort\Variable\Asset</Filter>
    </ClInclude>
    <ClInclude Include="MaterialOutputNode.h">
      <Filter>헤더 파일\Editor\NodeEditor\DrawElement\Node\Variable\Asset\Material</Filter>
    </ClInclude>
    <ClInclude Include="BaseTextureInputNode.h">
      <Filter>헤더 파일\Editor\NodeEditor\DrawElement\Node\Variable\Asset\Texture</Filter>
    </ClInclude>
    <ClInclude Include="AssetSelectHelper.h">
      <Filter>헤더 파일\Editor</Filter>
    </ClInclude>
    <ClInclude Include="APopup.h">
      <Filter>헤더 파일\Editor\GUI\Popup</Filter>
    </ClInclude>
    <ClInclude Include="AddMaterialElementPopup.h">
      <Filter>헤더 파일\Editor\GUI\Popup\Extended</Filter>
    </ClInclude>
    <ClInclude Include="AddAssetFilePopup.h">
      <Filter>헤더 파일\Editor\GUI\Popup\Extended</Filter>
    </ClInclude>
    <ClInclude Include="AModal.h">
      <Filter>헤더 파일\Editor\GUI\Modal</Filter>
    </ClInclude>
    <ClInclude Include="AddAttachableModal.h">
      <Filter>헤더 파일\Editor\GUI\Modal\Extended\ObjectModal</Filter>
    </ClInclude>
    <ClInclude Include="AddPlaceableModal.h">
      <Filter>헤더 파일\Editor\GUI\Modal\Extended\ObjectModal</Filter>
    </ClInclude>
    <ClInclude Include="AObjectManageModal.h">
      <Filter>헤더 파일\Editor\GUI\Modal\Extended</Filter>
    </ClInclude>
    <ClInclude Include="DeleteAttachableModal.h">
      <Filter>헤더 파일\Editor\GUI\Modal\Extended\ObjectModal</Filter>
    </ClInclude>
    <ClInclude Include="DeletePlaceableModal.h">
      <Filter>헤더 파일\Editor\GUI\Modal\Extended\ObjectModal</Filter>
    </ClInclude>
    <ClInclude Include="CreateAssetFileModal.h">
      <Filter>헤더 파일\Editor\GUI\Modal\Extended\AssetFile</Filter>
    </ClInclude>
    <ClInclude Include="UploadableBufferManager.h">
      <Filter>헤더 파일\Buffer\Dynamic</Filter>
    </ClInclude>
    <ClInclude Include="Float3VariableOutputPort.h">
      <Filter>헤더 파일\Editor\NodeEditor\DrawElement\Port\OutputPort\Variable\Constant</Filter>
    </ClInclude>
    <ClInclude Include="Float3InputNode.h">
      <Filter>헤더 파일\Editor\NodeEditor\DrawElement\Node\Variable\Constant</Filter>
    </ClInclude>
    <ClInclude Include="AnimationAsset.h">
      <Filter>헤더 파일\Asset\Animation</Filter>
    </ClInclude>
    <ClInclude Include="SDRCamera.h">
      <Filter>헤더 파일\Object\Attachable\View</Filter>
    </ClInclude>
    <ClInclude Include="AnimationPlayer.h">
      <Filter>헤더 파일\Animation</Filter>
    </ClInclude>
    <ClInclude Include="StructuredBuffer.h">
      <Filter>헤더 파일\Buffer\Dynamic</Filter>
    </ClInclude>
    <ClInclude Include="AUploadableBuffer.h">
      <Filter>헤더 파일\Buffer\Dynamic</Filter>
    </ClInclude>
    <ClInclude Include="AManagedByConatainer.h">
      <Filter>헤더 파일\Interface / Abstract</Filter>
    </ClInclude>
  </ItemGroup>
  <ItemGroup>
    <FxCompile Include="Shaders\SkeletalMeshObjectVS.hlsl">
      <Filter>Shader\MeshObject\SkeletalMesh</Filter>
    </FxCompile>
    <FxCompile Include="Shaders\StaticMeshObjectVS.hlsl">
      <Filter>Shader\MeshObject\StaticMesh</Filter>
    </FxCompile>
    <FxCompile Include="Shaders\BoundingObjectPS.hlsl">
      <Filter>Shader\PositionOnly</Filter>
    </FxCompile>
    <FxCompile Include="Shaders\PositionOnlyPathVS.hlsl">
      <Filter>Shader\PositionOnly</Filter>
    </FxCompile>
    <FxCompile Include="Shaders\PickingIDPS.hlsl">
      <Filter>Shader\PositionOnly</Filter>
    </FxCompile>
    <FxCompile Include="Shaders\EnvironmentActorPS.hlsl">
      <Filter>Shader\Environment</Filter>
    </FxCompile>
    <FxCompile Include="Shaders\EnvironmentActorVS.hlsl">
      <Filter>Shader\Environment</Filter>
    </FxCompile>
    <FxCompile Include="Shaders\MeshObjectPS.hlsl">
      <Filter>Shader\MeshObject</Filter>
    </FxCompile>
    <FxCompile Include="Shaders\MeshObjectDS.hlsl">
      <Filter>Shader\MeshObject</Filter>
    </FxCompile>
    <FxCompile Include="Shaders\MeshObjectHS.hlsl">
      <Filter>Shader\MeshObject</Filter>
    </FxCompile>
  </ItemGroup>
  <ItemGroup>
    <None Include="Shaders\PositionOnlyPathHeader.hlsli">
      <Filter>Shader\PositionOnly</Filter>
    </None>
    <None Include="Shaders\EnvironmentActorHeader.hlsli">
      <Filter>Shader\Environment</Filter>
    </None>
    <None Include="Shaders\PBRHeader.hlsli">
      <Filter>Shader\PBR</Filter>
    </None>
    <None Include="Shaders\MaterialHeader.hlsli">
      <Filter>Shader</Filter>
    </None>
    <None Include="Shaders\MeshObjectHeader.hlsli">
      <Filter>Shader\MeshObject</Filter>
    </None>
  </ItemGroup>
</Project>