<?xml version="1.0" encoding="utf-8"?>
<Project ToolsVersion="4.0" xmlns="http://schemas.microsoft.com/developer/msbuild/2003">
  <ItemGroup>
    <Filter Include="소스 파일">
      <UniqueIdentifier>{4FC737F1-C7A5-4376-A066-2A32D752A2FF}</UniqueIdentifier>
      <Extensions>cpp;c;cc;cxx;c++;cppm;ixx;def;odl;idl;hpj;bat;asm;asmx</Extensions>
    </Filter>
    <Filter Include="헤더 파일">
      <UniqueIdentifier>{93995380-89BD-4b04-88EB-625FBE52EBFB}</UniqueIdentifier>
      <Extensions>h;hh;hpp;hxx;h++;hm;inl;inc;ipp;xsd</Extensions>
    </Filter>
    <Filter Include="리소스 파일">
      <UniqueIdentifier>{67DA6AB6-F800-4c08-8B7A-83BB121AAD01}</UniqueIdentifier>
      <Extensions>rc;ico;cur;bmp;dlg;rc2;rct;bin;rgs;gif;jpg;jpeg;jpe;resx;tiff;tif;png;wav;mfcribbon-ms</Extensions>
    </Filter>
    <Filter Include="소스 파일\App">
      <UniqueIdentifier>{0a303f54-9710-4102-a712-00a0bbcb351d}</UniqueIdentifier>
    </Filter>
    <Filter Include="헤더 파일\App">
      <UniqueIdentifier>{640fcecf-3a5f-4e39-b9bb-f3fa145bc660}</UniqueIdentifier>
    </Filter>
    <Filter Include="헤더 파일\Global">
      <UniqueIdentifier>{3e10b1f6-9213-4225-a31e-fc088ce08350}</UniqueIdentifier>
    </Filter>
    <Filter Include="소스 파일\Global">
      <UniqueIdentifier>{f2d969ef-6719-44ff-b8e7-53f55db78187}</UniqueIdentifier>
    </Filter>
    <Filter Include="헤더 파일\Utility">
      <UniqueIdentifier>{a0563dea-a8cc-40f8-85f3-cb689dc67750}</UniqueIdentifier>
    </Filter>
    <Filter Include="소스 파일\Utility">
      <UniqueIdentifier>{84bdb384-a1f2-45c1-b278-96c6b9a41c5e}</UniqueIdentifier>
    </Filter>
    <Filter Include="헤더 파일\Asset">
      <UniqueIdentifier>{4382cf86-b373-4adf-b57a-7e7050959257}</UniqueIdentifier>
    </Filter>
    <Filter Include="소스 파일\Asset">
      <UniqueIdentifier>{bb372f5b-d9a5-43f3-bb8f-deef94293dd2}</UniqueIdentifier>
    </Filter>
    <Filter Include="소스 파일\Asset\Bone">
      <UniqueIdentifier>{7a72b11d-52c4-4410-be49-194c53137390}</UniqueIdentifier>
    </Filter>
    <Filter Include="헤더 파일\Asset\Bone">
      <UniqueIdentifier>{5630758c-5cb4-4a90-95fe-fa19c8fd9f07}</UniqueIdentifier>
    </Filter>
    <Filter Include="소스 파일\Asset\Mesh">
      <UniqueIdentifier>{6257d232-ae4a-4ec7-85c8-cf6d227285a8}</UniqueIdentifier>
    </Filter>
    <Filter Include="헤더 파일\Asset\Mesh">
      <UniqueIdentifier>{2f665f23-2d8f-4d45-baa2-dc264e4dcfb4}</UniqueIdentifier>
    </Filter>
    <Filter Include="헤더 파일\Asset\Texture">
      <UniqueIdentifier>{22be202d-5685-4574-9839-e7e7c75fa3cc}</UniqueIdentifier>
    </Filter>
    <Filter Include="소스 파일\Asset\Texture">
      <UniqueIdentifier>{da15b506-b4af-4389-9581-55fd9147a399}</UniqueIdentifier>
    </Filter>
    <Filter Include="헤더 파일\World">
      <UniqueIdentifier>{ab9dbb3d-2087-49e1-b666-f6e31866bc38}</UniqueIdentifier>
    </Filter>
    <Filter Include="소스 파일\World">
      <UniqueIdentifier>{2d05a47b-5cb0-4bf6-bf25-d3d1222fabc0}</UniqueIdentifier>
    </Filter>
    <Filter Include="헤더 파일\World\Editor">
      <UniqueIdentifier>{c804c47d-f3de-4435-a576-363fb219fab3}</UniqueIdentifier>
    </Filter>
    <Filter Include="소스 파일\World\Editor">
      <UniqueIdentifier>{71c9625a-f7d4-4e75-8b04-c3681430598b}</UniqueIdentifier>
    </Filter>
    <Filter Include="소스 파일\Buffer">
      <UniqueIdentifier>{d8d1e9ae-dd79-4ec2-a629-1d827c9461e9}</UniqueIdentifier>
    </Filter>
    <Filter Include="헤더 파일\Buffer">
      <UniqueIdentifier>{c22d0005-056e-463b-af73-d76246236d9e}</UniqueIdentifier>
    </Filter>
    <Filter Include="헤더 파일\Buffer\Constant">
      <UniqueIdentifier>{73372138-896c-4143-9603-bcf802c09b12}</UniqueIdentifier>
    </Filter>
    <Filter Include="헤더 파일\Buffer\Dynamic">
      <UniqueIdentifier>{5b8d8433-2273-4089-98c7-90cf38077bf6}</UniqueIdentifier>
    </Filter>
    <Filter Include="소스 파일\Buffer\Dynamic">
      <UniqueIdentifier>{fbd735d6-0f1a-4ed7-af43-c1dfeabfc490}</UniqueIdentifier>
    </Filter>
    <Filter Include="Shader">
      <UniqueIdentifier>{a165de11-1e64-4997-8b05-848a47a39820}</UniqueIdentifier>
    </Filter>
    <Filter Include="Shader\StaticMesh">
      <UniqueIdentifier>{c2c93896-f7e9-4c4d-8518-4c6dcd129e7e}</UniqueIdentifier>
    </Filter>
    <Filter Include="Shader\SkeletalMesh">
      <UniqueIdentifier>{9da0e291-0657-4a08-baba-cf1f98165149}</UniqueIdentifier>
    </Filter>
    <Filter Include="소스 파일\World\Editor\GUI">
      <UniqueIdentifier>{5925a3b9-93a3-4dfb-a871-30e47bd73f6f}</UniqueIdentifier>
    </Filter>
    <Filter Include="소스 파일\World\Editor\GUI\DIalog">
      <UniqueIdentifier>{9eaec59b-d61a-4cba-b1a3-890773a4493b}</UniqueIdentifier>
    </Filter>
    <Filter Include="소스 파일\World\Editor\GUI\Window">
      <UniqueIdentifier>{81031fec-5b5d-49cd-a241-23d8ce4542a5}</UniqueIdentifier>
    </Filter>
    <Filter Include="헤더 파일\World\Editor\GUI">
      <UniqueIdentifier>{45318328-d303-4f82-8e55-abda4216d6b8}</UniqueIdentifier>
    </Filter>
    <Filter Include="헤더 파일\World\Editor\GUI\Dialog">
      <UniqueIdentifier>{ef408b6c-6b4d-4b80-90f7-f6804cc2cca6}</UniqueIdentifier>
    </Filter>
    <Filter Include="헤더 파일\World\Editor\GUI\Window">
      <UniqueIdentifier>{03918427-51e3-4d99-9867-b9e7f601b267}</UniqueIdentifier>
    </Filter>
    <Filter Include="헤더 파일\Collision">
      <UniqueIdentifier>{bb1f6d40-ce30-43eb-b36e-9059eedd0375}</UniqueIdentifier>
    </Filter>
    <Filter Include="소스 파일\Asset\Map">
      <UniqueIdentifier>{4252095b-5211-49ea-b361-de1a938f27fa}</UniqueIdentifier>
    </Filter>
    <Filter Include="소스 파일\Asset\Map\Object">
      <UniqueIdentifier>{6d0b603d-c627-4fc4-8c97-3d3f5390bad6}</UniqueIdentifier>
    </Filter>
    <Filter Include="헤더 파일\Asset\Map">
      <UniqueIdentifier>{62905561-a35a-43c3-98f6-64cf6584d93b}</UniqueIdentifier>
    </Filter>
    <Filter Include="헤더 파일\Asset\Map\Object">
      <UniqueIdentifier>{cf287dd9-4094-4d15-b7de-af4edb0ed927}</UniqueIdentifier>
    </Filter>
    <Filter Include="소스 파일\Asset\Map\Object\Attachable">
      <UniqueIdentifier>{c5f51f0a-ffb2-419e-9dc2-7de742bed981}</UniqueIdentifier>
    </Filter>
    <Filter Include="소스 파일\Asset\Map\Object\Placeable">
      <UniqueIdentifier>{05fd7241-2d12-4c69-b419-1c4b56c60b77}</UniqueIdentifier>
    </Filter>
    <Filter Include="헤더 파일\Asset\Map\Object\Attachable">
      <UniqueIdentifier>{131a6598-d565-45d1-8ed8-6e028834a09b}</UniqueIdentifier>
    </Filter>
    <Filter Include="헤더 파일\Asset\Map\Object\Placeable">
      <UniqueIdentifier>{4b88f40a-72f3-4fc9-ab87-0ade16acc919}</UniqueIdentifier>
    </Filter>
    <Filter Include="소스 파일\Collision">
      <UniqueIdentifier>{905256e4-f194-4f73-962b-4c7087e5de31}</UniqueIdentifier>
    </Filter>
    <Filter Include="소스 파일\World\Editor\GUI\Visitor">
      <UniqueIdentifier>{532f1608-c72d-44a5-9eda-facd94786f7e}</UniqueIdentifier>
    </Filter>
    <Filter Include="헤더 파일\World\Editor\GUI\Visitor">
      <UniqueIdentifier>{cb6c6704-962e-4d59-9cc7-addab80df882}</UniqueIdentifier>
    </Filter>
    <Filter Include="소스 파일\Asset\Map\Object\View">
      <UniqueIdentifier>{2ab6c005-d21d-4874-9e2e-899e368baae8}</UniqueIdentifier>
    </Filter>
    <Filter Include="헤더 파일\World\Editor\GUI\Visitor\Outliner">
      <UniqueIdentifier>{b3341d71-9b14-4076-a6f3-5f5a8da5d2fd}</UniqueIdentifier>
    </Filter>
    <Filter Include="소스 파일\World\Editor\GUI\Visitor\Outliner">
      <UniqueIdentifier>{4a805e1c-82a8-46c9-bcd6-7a086a8f06fc}</UniqueIdentifier>
    </Filter>
    <Filter Include="소스 파일\World\Editor\GUI\Visitor\Outliner\Helper">
      <UniqueIdentifier>{b95adb38-a0b8-4434-977c-cba4cca2e532}</UniqueIdentifier>
    </Filter>
    <Filter Include="헤더 파일\World\Editor\GUI\Visitor\Outliner\Helper">
      <UniqueIdentifier>{de4e2cbe-893c-4b54-bbee-68ed03b89a68}</UniqueIdentifier>
    </Filter>
    <Filter Include="Shader\PositionOnly">
      <UniqueIdentifier>{fa3c8c60-12b7-4660-a671-a87b670a8b12}</UniqueIdentifier>
    </Filter>
    <Filter Include="ImGui">
      <UniqueIdentifier>{403cc663-d6d5-4213-9a13-d27170d7c6a0}</UniqueIdentifier>
    </Filter>
    <Filter Include="소스 파일\PSO">
      <UniqueIdentifier>{ac23e4ea-c4f6-4e8b-be39-4a11458338e0}</UniqueIdentifier>
    </Filter>
    <Filter Include="헤더 파일\PSO">
      <UniqueIdentifier>{d99c8647-eebb-41b7-bf4c-d84e12e08d5c}</UniqueIdentifier>
    </Filter>
    <Filter Include="소스 파일\Rendering">
      <UniqueIdentifier>{398e826f-a612-435c-9b43-b9ed52258cc7}</UniqueIdentifier>
    </Filter>
    <Filter Include="헤더 파일\Rendering">
      <UniqueIdentifier>{17f45aa0-efee-4e64-a162-fc969d7b6caa}</UniqueIdentifier>
    </Filter>
    <Filter Include="소스 파일\Asset\Map\Object\Attachable\BoundingComponent">
      <UniqueIdentifier>{15c9ed6a-e671-410a-9fe9-cd8de82fa103}</UniqueIdentifier>
    </Filter>
    <Filter Include="헤더 파일\Asset\Map\Object\Attachable\BoundingComponent">
      <UniqueIdentifier>{b7f79190-37bb-437b-8da5-f9f2fc3bf0cf}</UniqueIdentifier>
    </Filter>
    <Filter Include="헤더 파일\Asset\Map\Object\Attachable\Mesh">
      <UniqueIdentifier>{0374edc9-88a0-48a3-8acb-8feeb624c928}</UniqueIdentifier>
    </Filter>
    <Filter Include="헤더 파일\Asset\Map\Object\Attachable\View">
      <UniqueIdentifier>{bc10aa97-649d-445a-bf64-bed7c2e71440}</UniqueIdentifier>
    </Filter>
    <Filter Include="소스 파일\Asset\Map\Object\Attachable\Mesh">
      <UniqueIdentifier>{96c6f463-defb-4fdd-9569-1e0939fee0f7}</UniqueIdentifier>
    </Filter>
    <Filter Include="헤더 파일\Asset\Map\Object\Placeable\Actor">
      <UniqueIdentifier>{b5e020b5-bce8-44a3-ac97-9df96e43dd5a}</UniqueIdentifier>
    </Filter>
    <Filter Include="소스 파일\Asset\Map\Object\Placeable\Actor">
      <UniqueIdentifier>{f9b343a1-5b1d-4eb3-8500-48b3fbd19ff9}</UniqueIdentifier>
    </Filter>
    <Filter Include="헤더 파일\World\Editor\GUI\Visitor\Outliner\Helper\InformationDrawer">
      <UniqueIdentifier>{12dbda4d-29c3-4535-9e1c-918f64db4dde}</UniqueIdentifier>
    </Filter>
    <Filter Include="소스 파일\World\Editor\GUI\Visitor\Outliner\Helper\InformationDrawer">
      <UniqueIdentifier>{dfb44125-1c96-43f9-8adb-68784322e354}</UniqueIdentifier>
    </Filter>
    <Filter Include="헤더 파일\World\Editor\GUI\Visitor\Outliner\Helper\AddObject">
      <UniqueIdentifier>{a7601ce8-344b-4b07-ac28-14f0faf121ce}</UniqueIdentifier>
    </Filter>
    <Filter Include="소스 파일\World\Editor\GUI\Visitor\Outliner\Helper\AddObject">
      <UniqueIdentifier>{a838dca8-130d-4d1b-a812-fe45dd1d9863}</UniqueIdentifier>
    </Filter>
  </ItemGroup>
  <ItemGroup>
    <ClCompile Include="main.cpp">
      <Filter>소스 파일</Filter>
    </ClCompile>
    <ClCompile Include="PortfolioApp.cpp">
      <Filter>소스 파일\App</Filter>
    </ClCompile>
    <ClCompile Include="GraphicsPipeline.cpp">
      <Filter>소스 파일\App</Filter>
    </ClCompile>
    <ClCompile Include="IAssetFile.cpp">
      <Filter>소스 파일\Asset</Filter>
    </ClCompile>
    <ClCompile Include="BoneAsset.cpp">
      <Filter>소스 파일\Asset\Bone</Filter>
    </ClCompile>
    <ClCompile Include="AMeshAsset.cpp">
      <Filter>소스 파일\Asset\Mesh</Filter>
    </ClCompile>
    <ClCompile Include="SkeletalMeshAsset.cpp">
      <Filter>소스 파일\Asset\Mesh</Filter>
    </ClCompile>
    <ClCompile Include="StaticMeshAsset.cpp">
      <Filter>소스 파일\Asset\Mesh</Filter>
    </ClCompile>
    <ClCompile Include="TextureAsset.cpp">
      <Filter>소스 파일\Asset\Texture</Filter>
    </ClCompile>
    <ClCompile Include="IWorld.cpp">
      <Filter>소스 파일\World</Filter>
    </ClCompile>
    <ClCompile Include="GameWorld.cpp">
      <Filter>소스 파일\World</Filter>
    </ClCompile>
    <ClCompile Include="EditorWorld.cpp">
      <Filter>소스 파일\World\Editor</Filter>
    </ClCompile>
    <ClCompile Include="DefineType.cpp">
      <Filter>소스 파일\Utility</Filter>
    </ClCompile>
    <ClCompile Include="MathematicalHelper.cpp">
      <Filter>소스 파일\Utility</Filter>
    </ClCompile>
    <ClCompile Include="Map.cpp">
      <Filter>소스 파일\Asset\Map</Filter>
    </ClCompile>
    <ClCompile Include="ImGui\imgui.cpp">
      <Filter>ImGui</Filter>
    </ClCompile>
    <ClCompile Include="ImGui\imgui_demo.cpp">
      <Filter>ImGui</Filter>
    </ClCompile>
    <ClCompile Include="ImGui\imgui_draw.cpp">
      <Filter>ImGui</Filter>
    </ClCompile>
    <ClCompile Include="ImGui\imgui_impl_dx11.cpp">
      <Filter>ImGui</Filter>
    </ClCompile>
    <ClCompile Include="ImGui\imgui_impl_win32.cpp">
      <Filter>ImGui</Filter>
    </ClCompile>
    <ClCompile Include="ImGui\imgui_tables.cpp">
      <Filter>ImGui</Filter>
    </ClCompile>
    <ClCompile Include="ImGui\imgui_widgets.cpp">
      <Filter>ImGui</Filter>
    </ClCompile>
    <ClCompile Include="FileSelectDialog.cpp">
      <Filter>소스 파일\World\Editor\GUI\DIalog</Filter>
    </ClCompile>
    <ClCompile Include="IEditorLinkedWindow.cpp">
      <Filter>소스 파일\World\Editor\GUI\Window</Filter>
    </ClCompile>
    <ClCompile Include="ModelOutlinerWindow.cpp">
      <Filter>소스 파일\World\Editor\GUI\Window</Filter>
    </ClCompile>
    <ClCompile Include="TaskAnalyzerWindow.cpp">
      <Filter>소스 파일\World\Editor\GUI\Window</Filter>
    </ClCompile>
    <ClCompile Include="ViewportWindow.cpp">
      <Filter>소스 파일\World\Editor\GUI\Window</Filter>
    </ClCompile>
    <ClCompile Include="AssetManagerWindow.cpp">
      <Filter>소스 파일\World\Editor\GUI\Window</Filter>
    </ClCompile>
    <ClCompile Include="StringHelper.cpp">
      <Filter>소스 파일\Utility</Filter>
    </ClCompile>
    <ClCompile Include="Debugable.cpp">
      <Filter>소스 파일\Asset\Map\Object</Filter>
    </ClCompile>
    <ClCompile Include="PlaceableObject.cpp">
      <Filter>소스 파일\Asset\Map\Object\Placeable</Filter>
    </ClCompile>
    <ClCompile Include="AttachableObject.cpp">
      <Filter>소스 파일\Asset\Map\Object\Attachable</Filter>
    </ClCompile>
    <ClCompile Include="ABoundingComponent.cpp">
      <Filter>소스 파일\Asset\Map\Object\Attachable\BoundingComponent</Filter>
    </ClCompile>
    <ClCompile Include="BoundingCapsule.cpp">
      <Filter>소스 파일\Asset\Map\Object\Attachable\BoundingComponent</Filter>
    </ClCompile>
    <ClCompile Include="BoundingSphere.cpp">
      <Filter>소스 파일\Asset\Map\Object\Attachable\BoundingComponent</Filter>
    </ClCompile>
    <ClCompile Include="OrientedBoundingBox.cpp">
      <Filter>소스 파일\Asset\Map\Object\Attachable\BoundingComponent</Filter>
    </ClCompile>
    <ClCompile Include="BoundingFrustum.cpp">
      <Filter>소스 파일\Asset\Map\Object\Attachable\BoundingComponent</Filter>
    </ClCompile>
    <ClCompile Include="CollisionVisitor.cpp">
      <Filter>소스 파일\Collision</Filter>
    </ClCompile>
    <ClCompile Include="MeshObject.cpp">
      <Filter>소스 파일\Asset\Map\Object\Attachable\Mesh</Filter>
    </ClCompile>
    <ClCompile Include="Viewable.cpp">
      <Filter>소스 파일\Asset\Map\Object\View</Filter>
    </ClCompile>
    <ClCompile Include="Camera.cpp">
      <Filter>소스 파일\Asset\Map\Object\View</Filter>
    </ClCompile>
    <ClCompile Include="EditorCamera.cpp">
      <Filter>소스 파일\World\Editor</Filter>
    </ClCompile>
    <ClCompile Include="IDColor.cpp">
      <Filter>소스 파일\Asset\Map\Object</Filter>
    </ClCompile>
    <ClCompile Include="AObject.cpp">
      <Filter>소스 파일\Asset\Map\Object</Filter>
    </ClCompile>
    <ClCompile Include="PSOManager.cpp">
      <Filter>소스 파일\PSO</Filter>
    </ClCompile>
    <ClCompile Include="PSOObject.cpp">
      <Filter>소스 파일\PSO</Filter>
    </ClCompile>
    <ClCompile Include="AssetManager.cpp">
      <Filter>소스 파일\Asset</Filter>
    </ClCompile>
    <ClCompile Include="GlobalVariable.cpp">
      <Filter>소스 파일\Global</Filter>
    </ClCompile>
    <ClCompile Include="MeshObjectRenderer.cpp">
      <Filter>소스 파일\Rendering</Filter>
    </ClCompile>
    <ClCompile Include="BoundingComponentRenderer.cpp">
      <Filter>소스 파일\Rendering</Filter>
    </ClCompile>
    <ClCompile Include="APickingIDRenderer.cpp">
      <Filter>소스 파일\Rendering</Filter>
    </ClCompile>
    <ClCompile Include="PickingIDSolidRenderer.cpp">
      <Filter>소스 파일\Rendering</Filter>
    </ClCompile>
    <ClCompile Include="PickingIDWireframeRenderer.cpp">
      <Filter>소스 파일\Rendering</Filter>
    </ClCompile>
    <ClCompile Include="EditorActor.cpp">
      <Filter>소스 파일\Asset\Map\Object\Placeable\Actor</Filter>
    </ClCompile>
    <ClCompile Include="TestActor.cpp">
      <Filter>소스 파일\Asset\Map\Object\Placeable\Actor</Filter>
    </ClCompile>
    <ClCompile Include="ModelDetailWindow.cpp">
      <Filter>소스 파일\World\Editor\GUI\Window</Filter>
    </ClCompile>
    <ClCompile Include="BoundingOBBInformationDrawer.cpp">
      <Filter>소스 파일\World\Editor\GUI\Visitor\Outliner\Helper\InformationDrawer</Filter>
    </ClCompile>
    <ClCompile Include="BoundingSphereInformationDrawer.cpp">
      <Filter>소스 파일\World\Editor\GUI\Visitor\Outliner\Helper\InformationDrawer</Filter>
    </ClCompile>
    <ClCompile Include="MeshObjectInformationDrawer.cpp">
      <Filter>소스 파일\World\Editor\GUI\Visitor\Outliner\Helper\InformationDrawer</Filter>
    </ClCompile>
    <ClCompile Include="TransformationInformationDrawer.cpp">
      <Filter>소스 파일\World\Editor\GUI\Visitor\Outliner\Helper\InformationDrawer</Filter>
    </ClCompile>
    <ClCompile Include="ViewableInformationDrawer.cpp">
      <Filter>소스 파일\World\Editor\GUI\Visitor\Outliner\Helper\InformationDrawer</Filter>
    </ClCompile>
    <ClCompile Include="ModelDetailedInformationVisitor.cpp">
      <Filter>소스 파일\World\Editor\GUI\Visitor\Outliner\Helper\InformationDrawer</Filter>
    </ClCompile>
    <ClCompile Include="AddPlaceableObjectHelper.cpp">
      <Filter>소스 파일\World\Editor\GUI\Visitor\Outliner\Helper\AddObject</Filter>
    </ClCompile>
    <ClCompile Include="AddAttachableObjectHelper.cpp">
      <Filter>소스 파일\World\Editor\GUI\Visitor\Outliner\Helper\AddObject</Filter>
    </ClCompile>
    <ClCompile Include="IAddObjectHelper.cpp">
      <Filter>소스 파일\World\Editor\GUI\Visitor\Outliner\Helper\AddObject</Filter>
    </ClCompile>
  </ItemGroup>
  <ItemGroup>
    <ClInclude Include="BoneAsset.h">
      <Filter>헤더 파일\Asset\Bone</Filter>
    </ClInclude>
    <ClInclude Include="IAssetFile.h">
      <Filter>헤더 파일\Asset</Filter>
    </ClInclude>
    <ClInclude Include="AssetManager.h">
      <Filter>헤더 파일\Asset</Filter>
    </ClInclude>
    <ClInclude Include="AMeshAsset.h">
      <Filter>헤더 파일\Asset\Mesh</Filter>
    </ClInclude>
    <ClInclude Include="Serializable.h">
      <Filter>헤더 파일\Asset</Filter>
    </ClInclude>
    <ClInclude Include="StaticMeshAsset.h">
      <Filter>헤더 파일\Asset\Mesh</Filter>
    </ClInclude>
    <ClInclude Include="SkeletalMeshAsset.h">
      <Filter>헤더 파일\Asset\Mesh</Filter>
    </ClInclude>
    <ClInclude Include="TextureAsset.h">
      <Filter>헤더 파일\Asset\Texture</Filter>
    </ClInclude>
    <ClInclude Include="GameWorld.h">
      <Filter>헤더 파일\World</Filter>
    </ClInclude>
    <ClInclude Include="IWorld.h">
      <Filter>헤더 파일\World</Filter>
    </ClInclude>
    <ClInclude Include="EditorWorld.h">
      <Filter>헤더 파일\World\Editor</Filter>
    </ClInclude>
    <ClInclude Include="DefineType.h">
      <Filter>헤더 파일\Utility</Filter>
    </ClInclude>
    <ClInclude Include="DefineUtility.h">
      <Filter>헤더 파일\Utility</Filter>
    </ClInclude>
    <ClInclude Include="HeaderHelper.h">
      <Filter>헤더 파일\Utility</Filter>
    </ClInclude>
    <ClInclude Include="MathematicalHelper.h">
      <Filter>헤더 파일\Utility</Filter>
    </ClInclude>
    <ClInclude Include="Map.h">
      <Filter>헤더 파일\Asset\Map</Filter>
    </ClInclude>
    <ClInclude Include="PortfolioApp.h">
      <Filter>헤더 파일\App</Filter>
    </ClInclude>
    <ClInclude Include="GraphicsPipeline.h">
      <Filter>헤더 파일\App</Filter>
    </ClInclude>
    <ClInclude Include="IDownloadableBuffer.h">
      <Filter>헤더 파일\Buffer</Filter>
    </ClInclude>
    <ClInclude Include="IUploadableBuffer.h">
      <Filter>헤더 파일\Buffer</Filter>
    </ClInclude>
    <ClInclude Include="ConstantBuffer.h">
      <Filter>헤더 파일\Buffer\Constant</Filter>
    </ClInclude>
    <ClInclude Include="ConstantArrayBuffer.h">
      <Filter>헤더 파일\Buffer\Constant</Filter>
    </ClInclude>
    <ClInclude Include="IBuffer.h">
      <Filter>헤더 파일\Buffer</Filter>
    </ClInclude>
    <ClInclude Include="UploadBuffer.h">
      <Filter>헤더 파일\Buffer\Dynamic</Filter>
    </ClInclude>
    <ClInclude Include="VertexBuffer.h">
      <Filter>헤더 파일\Buffer\Constant</Filter>
    </ClInclude>
    <ClInclude Include="IndexBuffer.h">
      <Filter>헤더 파일\Buffer\Constant</Filter>
    </ClInclude>
    <ClInclude Include="ImGui\imconfig.h">
      <Filter>ImGui</Filter>
    </ClInclude>
    <ClInclude Include="ImGui\imgui.h">
      <Filter>ImGui</Filter>
    </ClInclude>
    <ClInclude Include="ImGui\imgui_impl_dx11.h">
      <Filter>ImGui</Filter>
    </ClInclude>
    <ClInclude Include="ImGui\imgui_impl_win32.h">
      <Filter>ImGui</Filter>
    </ClInclude>
    <ClInclude Include="ImGui\imgui_internal.h">
      <Filter>ImGui</Filter>
    </ClInclude>
    <ClInclude Include="ImGui\imstb_rectpack.h">
      <Filter>ImGui</Filter>
    </ClInclude>
    <ClInclude Include="ImGui\imstb_textedit.h">
      <Filter>ImGui</Filter>
    </ClInclude>
    <ClInclude Include="ImGui\imstb_truetype.h">
      <Filter>ImGui</Filter>
    </ClInclude>
    <ClInclude Include="TaskAnalyzerWindow.h">
      <Filter>헤더 파일\World\Editor\GUI\Window</Filter>
    </ClInclude>
    <ClInclude Include="ViewportWindow.h">
      <Filter>헤더 파일\World\Editor\GUI\Window</Filter>
    </ClInclude>
    <ClInclude Include="IWindow.h">
      <Filter>헤더 파일\World\Editor\GUI</Filter>
    </ClInclude>
    <ClInclude Include="FileSelectDialog.h">
      <Filter>헤더 파일\World\Editor\GUI\Dialog</Filter>
    </ClInclude>
    <ClInclude Include="IEditorLinkedWindow.h">
      <Filter>헤더 파일\World\Editor\GUI</Filter>
    </ClInclude>
    <ClInclude Include="IDialog.h">
      <Filter>헤더 파일\World\Editor\GUI</Filter>
    </ClInclude>
    <ClInclude Include="AssetManagerWindow.h">
      <Filter>헤더 파일\World\Editor\GUI\Window</Filter>
    </ClInclude>
    <ClInclude Include="StringHelper.h">
      <Filter>헤더 파일\Utility</Filter>
    </ClInclude>
    <ClInclude Include="IIntersectable.h">
      <Filter>헤더 파일\Collision</Filter>
    </ClInclude>
    <ClInclude Include="BoundingCapsule.h">
      <Filter>헤더 파일\Asset\Map\Object\Attachable\BoundingComponent</Filter>
    </ClInclude>
    <ClInclude Include="OrientedBoundingBox.h">
      <Filter>헤더 파일\Asset\Map\Object\Attachable\BoundingComponent</Filter>
    </ClInclude>
    <ClInclude Include="AObject.h">
      <Filter>헤더 파일\Asset\Map\Object</Filter>
    </ClInclude>
    <ClInclude Include="BoundingSphere.h">
      <Filter>헤더 파일\Asset\Map\Object\Attachable\BoundingComponent</Filter>
    </ClInclude>
    <ClInclude Include="IIndexable.h">
      <Filter>헤더 파일\Asset</Filter>
    </ClInclude>
    <ClInclude Include="Vertexable.h">
      <Filter>헤더 파일\Asset</Filter>
    </ClInclude>
    <ClInclude Include="Debugable.h">
      <Filter>헤더 파일\Asset\Map\Object</Filter>
    </ClInclude>
    <ClInclude Include="PlaceableObject.h">
      <Filter>헤더 파일\Asset\Map\Object\Placeable</Filter>
    </ClInclude>
    <ClInclude Include="AttachableObject.h">
      <Filter>헤더 파일\Asset\Map\Object\Attachable</Filter>
    </ClInclude>
    <ClInclude Include="ABoundingComponent.h">
      <Filter>헤더 파일\Asset\Map\Object\Attachable\BoundingComponent</Filter>
    </ClInclude>
    <ClInclude Include="BoundingFrustum.h">
      <Filter>헤더 파일\Asset\Map\Object\Attachable\BoundingComponent</Filter>
    </ClInclude>
    <ClInclude Include="CollisionVisitor.h">
      <Filter>헤더 파일\Collision</Filter>
    </ClInclude>
    <ClInclude Include="ModelOutlinerWindow.h">
      <Filter>헤더 파일\World\Editor\GUI\Window</Filter>
    </ClInclude>
    <ClInclude Include="ICollisionVisitor.h">
      <Filter>헤더 파일\Collision</Filter>
    </ClInclude>
    <ClInclude Include="MeshObject.h">
      <Filter>헤더 파일\Asset\Map\Object\Attachable\Mesh</Filter>
    </ClInclude>
    <ClInclude Include="Viewable.h">
      <Filter>헤더 파일\Asset\Map\Object\Attachable\View</Filter>
    </ClInclude>
    <ClInclude Include="Camera.h">
      <Filter>헤더 파일\Asset\Map\Object\Attachable\View</Filter>
    </ClInclude>
    <ClInclude Include="IGuiModelVisitor.h">
      <Filter>헤더 파일\World\Editor\GUI\Visitor</Filter>
    </ClInclude>
    <ClInclude Include="EditorCamera.h">
      <Filter>헤더 파일\World\Editor</Filter>
    </ClInclude>
    <ClInclude Include="IDColor.h">
      <Filter>헤더 파일\Asset\Map\Object</Filter>
    </ClInclude>
    <ClInclude Include="PSOManager.h">
      <Filter>헤더 파일\PSO</Filter>
    </ClInclude>
    <ClInclude Include="PSOObject.h">
      <Filter>헤더 파일\PSO</Filter>
    </ClInclude>
    <ClInclude Include="PSOObjectHelper.h">
      <Filter>헤더 파일\PSO</Filter>
    </ClInclude>
    <ClInclude Include="GlobalVariable.h">
      <Filter>헤더 파일\Global</Filter>
    </ClInclude>
    <ClInclude Include="ARenderer.h">
      <Filter>헤더 파일\Rendering</Filter>
    </ClInclude>
    <ClInclude Include="MeshObjectRenderer.h">
      <Filter>헤더 파일\Rendering</Filter>
    </ClInclude>
    <ClInclude Include="BoundingComponentRenderer.h">
      <Filter>헤더 파일\Rendering</Filter>
    </ClInclude>
    <ClInclude Include="APickingIDRenderer.h">
      <Filter>헤더 파일\Rendering</Filter>
    </ClInclude>
    <ClInclude Include="StaticAssertHelper.h">
      <Filter>헤더 파일\Utility</Filter>
    </ClInclude>
    <ClInclude Include="PickingIDSolidRenderer.h">
      <Filter>헤더 파일\Rendering</Filter>
    </ClInclude>
    <ClInclude Include="PickingIDWireframeRenderer.h">
      <Filter>헤더 파일\Rendering</Filter>
    </ClInclude>
    <ClInclude Include="EditorActor.h">
      <Filter>헤더 파일\Asset\Map\Object\Placeable\Actor</Filter>
    </ClInclude>
    <ClInclude Include="TestActor.h">
      <Filter>헤더 파일\Asset\Map\Object\Placeable\Actor</Filter>
    </ClInclude>
    <ClInclude Include="ModelDetailWindow.h">
      <Filter>헤더 파일\World\Editor\GUI\Window</Filter>
    </ClInclude>
    <ClInclude Include="BoundingOBBInformationDrawer.h">
      <Filter>헤더 파일\World\Editor\GUI\Visitor\Outliner\Helper\InformationDrawer</Filter>
    </ClInclude>
    <ClInclude Include="BoundingSphereInformationDrawer.h">
      <Filter>헤더 파일\World\Editor\GUI\Visitor\Outliner\Helper\InformationDrawer</Filter>
    </ClInclude>
    <ClInclude Include="MeshObjectInformationDrawer.h">
      <Filter>헤더 파일\World\Editor\GUI\Visitor\Outliner\Helper\InformationDrawer</Filter>
    </ClInclude>
    <ClInclude Include="TransformationInformationDrawer.h">
      <Filter>헤더 파일\World\Editor\GUI\Visitor\Outliner\Helper\InformationDrawer</Filter>
    </ClInclude>
    <ClInclude Include="ViewableInformationDrawer.h">
      <Filter>헤더 파일\World\Editor\GUI\Visitor\Outliner\Helper\InformationDrawer</Filter>
    </ClInclude>
    <ClInclude Include="IInformationDrawer.h">
      <Filter>헤더 파일\World\Editor\GUI\Visitor\Outliner\Helper\InformationDrawer</Filter>
    </ClInclude>
    <ClInclude Include="ModelDetailedInformationVisitor.h">
      <Filter>헤더 파일\World\Editor\GUI\Visitor\Outliner\Helper\InformationDrawer</Filter>
    </ClInclude>
    <ClInclude Include="AddPlaceableObjectHelper.h">
      <Filter>헤더 파일\World\Editor\GUI\Visitor\Outliner\Helper\AddObject</Filter>
    </ClInclude>
    <ClInclude Include="AddAttachableObjectHelper.h">
      <Filter>헤더 파일\World\Editor\GUI\Visitor\Outliner\Helper\AddObject</Filter>
    </ClInclude>
    <ClInclude Include="IAddObjectHelper.h">
      <Filter>헤더 파일\World\Editor\GUI\Visitor\Outliner\Helper\AddObject</Filter>
    </ClInclude>
  </ItemGroup>
  <ItemGroup>
    <FxCompile Include="Shaders\SkeletalPS.hlsl">
      <Filter>Shader\SkeletalMesh</Filter>
    </FxCompile>
    <FxCompile Include="Shaders\SkeletalVS.hlsl">
      <Filter>Shader\SkeletalMesh</Filter>
    </FxCompile>
    <FxCompile Include="Shaders\StaticPS.hlsl">
      <Filter>Shader\StaticMesh</Filter>
    </FxCompile>
    <FxCompile Include="Shaders\StaticVS.hlsl">
      <Filter>Shader\StaticMesh</Filter>
    </FxCompile>
    <FxCompile Include="Shaders\DebugObjectPS.hlsl">
      <Filter>Shader\PositionOnly</Filter>
    </FxCompile>
    <FxCompile Include="Shaders\PositionOnlyPathVS.hlsl">
      <Filter>Shader\PositionOnly</Filter>
    </FxCompile>
    <FxCompile Include="Shaders\PickingIDPS.hlsl">
      <Filter>Shader\PositionOnly</Filter>
    </FxCompile>
  </ItemGroup>
  <ItemGroup>
    <None Include="Shaders\SkeletalHeader.hlsli">
      <Filter>Shader\SkeletalMesh</Filter>
    </None>
    <None Include="Shaders\StaticHeader.hlsli">
      <Filter>Shader\StaticMesh</Filter>
    </None>
    <None Include="Shaders\PositionOnlyPathHeader.hlsli">
      <Filter>Shader\PositionOnly</Filter>
    </None>
  </ItemGroup>
</Project>