<?xml version="1.0" encoding="utf-8"?>
<Project ToolsVersion="4.0" xmlns="http://schemas.microsoft.com/developer/msbuild/2003">
  <ItemGroup>
    <ClInclude Include="D3D11Engine.h">
      <Filter>헤더 파일</Filter>
    </ClInclude>
    <ClInclude Include="AApplication.h">
      <Filter>헤더 파일</Filter>
    </ClInclude>
    <ClInclude Include="AppUtilities.h">
      <Filter>헤더 파일\Utilities</Filter>
    </ClInclude>
  </ItemGroup>
  <ItemGroup>
    <Filter Include="소스 파일">
      <UniqueIdentifier>{9502fcb6-5780-47c2-93d0-8ac63d000160}</UniqueIdentifier>
    </Filter>
    <Filter Include="헤더 파일">
      <UniqueIdentifier>{4f7c0c7d-9a22-4476-b205-9f3d20bba009}</UniqueIdentifier>
    </Filter>
    <Filter Include="헤더 파일\Utilities">
      <UniqueIdentifier>{066eadec-33e4-4eda-95ec-23bdfec8f2f0}</UniqueIdentifier>
    </Filter>
    <Filter Include="소스 파일\Utilities">
      <UniqueIdentifier>{9f3e7592-3a1a-4779-8246-363a7943714c}</UniqueIdentifier>
    </Filter>
    <Filter Include="소스 파일\Model">
      <UniqueIdentifier>{0add3f0a-2b60-45b0-8d50-388b7418ccec}</UniqueIdentifier>
    </Filter>
    <Filter Include="헤더 파일\Model">
      <UniqueIdentifier>{45146daf-c892-470a-94c2-ea85d9cd3f80}</UniqueIdentifier>
    </Filter>
  </ItemGroup>
  <ItemGroup>
    <ClCompile Include="AApplication.cpp">
      <Filter>소스 파일</Filter>
    </ClCompile>
    <ClCompile Include="D3D11Engine.cpp">
      <Filter>소스 파일</Filter>
    </ClCompile>
    <ClCompile Include="AppUtilities.cpp">
      <Filter>소스 파일\Utilities</Filter>
    </ClCompile>
  </ItemGroup>
</Project>