<?xml version="1.0" encoding="utf-8"?>
<Project ToolsVersion="4.0" xmlns="http://schemas.microsoft.com/developer/msbuild/2003">
  <ItemGroup>
    <ClInclude Include="AApplication.h">
      <Filter>헤더 파일</Filter>
    </ClInclude>
    <ClInclude Include="AComponent.h">
      <Filter>헤더 파일\Component</Filter>
    </ClInclude>
    <ClInclude Include="StaticMeshComponent.h">
      <Filter>헤더 파일\Component\Model</Filter>
    </ClInclude>
    <ClInclude Include="SkeletalMeshComponent.h">
      <Filter>헤더 파일\Component\Model</Filter>
    </ClInclude>
    <ClInclude Include="AMeshComponent.h">
      <Filter>헤더 파일\Component\Model</Filter>
    </ClInclude>
    <ClInclude Include="ComponentEntity.h">
      <Filter>헤더 파일\Component\Entity</Filter>
    </ClInclude>
    <ClInclude Include="CameraComponent.h">
      <Filter>헤더 파일\Component\Camera</Filter>
    </ClInclude>
    <ClInclude Include="IComponentVisitor.h">
      <Filter>헤더 파일\Component\Visitor</Filter>
    </ClInclude>
    <ClInclude Include="Scene.h">
      <Filter>헤더 파일\Scene</Filter>
    </ClInclude>
    <ClInclude Include="AInstancedModelComponent.h">
      <Filter>헤더 파일\Component\Model</Filter>
    </ClInclude>
    <ClInclude Include="ComponentType.h">
      <Filter>헤더 파일\Component</Filter>
    </ClInclude>
    <ClInclude Include="ComponentManager.h">
      <Filter>헤더 파일\Component</Filter>
    </ClInclude>
    <ClInclude Include="ComponentDBInitializer.h">
      <Filter>헤더 파일\Component\Visitor\Database</Filter>
    </ClInclude>
    <ClInclude Include="SceneForwardRenderer.h">
      <Filter>헤더 파일\Component\Visitor\Rendering</Filter>
    </ClInclude>
    <ClInclude Include="SceneDefferedRenderer.h">
      <Filter>헤더 파일\Component\Visitor\Rendering</Filter>
    </ClInclude>
    <ClInclude Include="ASceneRenderer.h">
      <Filter>헤더 파일\Component\Visitor\Rendering</Filter>
    </ClInclude>
    <ClInclude Include="ComponentPSOManager.h">
      <Filter>헤더 파일\PSOManager</Filter>
    </ClInclude>
    <ClInclude Include="ComponentDBCreator.h">
      <Filter>헤더 파일\Component\Visitor\Database</Filter>
    </ClInclude>
    <ClInclude Include="ComponentDBRemover.h">
      <Filter>헤더 파일\Component\Visitor\Database</Filter>
    </ClInclude>
    <ClInclude Include="ComponentDBUpdater.h">
      <Filter>헤더 파일\Component\Visitor\Database</Filter>
    </ClInclude>
    <ClInclude Include="ISceneVisitor.h">
      <Filter>헤더 파일\Scene</Filter>
    </ClInclude>
    <ClInclude Include="InputEventManager.h">
      <Filter>헤더 파일\InputManager</Filter>
    </ClInclude>
    <ClInclude Include="InputDefinition.h">
      <Filter>헤더 파일\InputManager</Filter>
    </ClInclude>
    <ClInclude Include="MouseEvent.h">
      <Filter>헤더 파일\InputManager</Filter>
    </ClInclude>
    <ClInclude Include="KeyEvent.h">
      <Filter>헤더 파일\InputManager</Filter>
    </ClInclude>
    <ClInclude Include="AnimationPlayer.h">
      <Filter>헤더 파일\Utilities</Filter>
    </ClInclude>
  </ItemGroup>
  <ItemGroup>
    <Filter Include="소스 파일">
      <UniqueIdentifier>{9502fcb6-5780-47c2-93d0-8ac63d000160}</UniqueIdentifier>
    </Filter>
    <Filter Include="헤더 파일">
      <UniqueIdentifier>{4f7c0c7d-9a22-4476-b205-9f3d20bba009}</UniqueIdentifier>
    </Filter>
    <Filter Include="헤더 파일\Utilities">
      <UniqueIdentifier>{066eadec-33e4-4eda-95ec-23bdfec8f2f0}</UniqueIdentifier>
    </Filter>
    <Filter Include="소스 파일\Utilities">
      <UniqueIdentifier>{9f3e7592-3a1a-4779-8246-363a7943714c}</UniqueIdentifier>
    </Filter>
    <Filter Include="헤더 파일\Component">
      <UniqueIdentifier>{45146daf-c892-470a-94c2-ea85d9cd3f80}</UniqueIdentifier>
    </Filter>
    <Filter Include="헤더 파일\Component\Model">
      <UniqueIdentifier>{def542df-de2a-4f27-998b-b264a67e6c7f}</UniqueIdentifier>
    </Filter>
    <Filter Include="소스 파일\Component">
      <UniqueIdentifier>{0add3f0a-2b60-45b0-8d50-388b7418ccec}</UniqueIdentifier>
    </Filter>
    <Filter Include="소스 파일\Component\Model">
      <UniqueIdentifier>{f8560266-a5a0-406d-bdef-9d8e161c291b}</UniqueIdentifier>
    </Filter>
    <Filter Include="소스 파일\Component\Entity">
      <UniqueIdentifier>{a5b22167-bec1-40eb-be85-0f833135d1f6}</UniqueIdentifier>
    </Filter>
    <Filter Include="헤더 파일\Component\Entity">
      <UniqueIdentifier>{72b52730-d056-46b5-8f8b-e186ff5a1624}</UniqueIdentifier>
    </Filter>
    <Filter Include="소스 파일\Component\Camera">
      <UniqueIdentifier>{3c740a55-9f10-4cfd-94db-d708a2cb83a5}</UniqueIdentifier>
    </Filter>
    <Filter Include="헤더 파일\Component\Camera">
      <UniqueIdentifier>{8988b2c8-39b2-4911-8c44-1d1eb85f675c}</UniqueIdentifier>
    </Filter>
    <Filter Include="헤더 파일\Component\Visitor">
      <UniqueIdentifier>{da88a190-4448-442f-81d9-82f85ffebc83}</UniqueIdentifier>
    </Filter>
    <Filter Include="소스 파일\Component\Visitor">
      <UniqueIdentifier>{935d5778-62da-497c-8874-42c9ff158b75}</UniqueIdentifier>
    </Filter>
    <Filter Include="헤더 파일\Scene">
      <UniqueIdentifier>{9055fe74-bb19-4f9d-bf69-62f14cf27cdf}</UniqueIdentifier>
    </Filter>
    <Filter Include="소스 파일\Scene">
      <UniqueIdentifier>{778f3bae-0198-4a4d-b0a5-c24112aead7c}</UniqueIdentifier>
    </Filter>
    <Filter Include="소스 파일\Component\Visitor\Database">
      <UniqueIdentifier>{ce240847-c491-4f2c-85ef-7a1f183713fb}</UniqueIdentifier>
    </Filter>
    <Filter Include="소스 파일\Component\Visitor\Rendering">
      <UniqueIdentifier>{d8bc71cf-1e43-4d82-bdd2-df55d9f068c3}</UniqueIdentifier>
    </Filter>
    <Filter Include="헤더 파일\Component\Visitor\Database">
      <UniqueIdentifier>{6cb68f8f-2e7c-4eb2-990a-e090991907a0}</UniqueIdentifier>
    </Filter>
    <Filter Include="헤더 파일\Component\Visitor\Rendering">
      <UniqueIdentifier>{01817e33-0c5d-48e8-9ed6-7735f307b0d7}</UniqueIdentifier>
    </Filter>
    <Filter Include="소스 파일\PSOManager">
      <UniqueIdentifier>{f96e35b3-6031-42b2-9f74-4d17e8cb1e0f}</UniqueIdentifier>
    </Filter>
    <Filter Include="헤더 파일\PSOManager">
      <UniqueIdentifier>{52f160c7-2cca-443c-8b3b-ea56f124a5cc}</UniqueIdentifier>
    </Filter>
    <Filter Include="Shader">
      <UniqueIdentifier>{69af0b85-78ea-4d4f-b920-7e4f5febf77a}</UniqueIdentifier>
    </Filter>
    <Filter Include="Shader\BoundingComponent">
      <UniqueIdentifier>{402ec000-5199-4f75-9a3c-523dd4f2aa75}</UniqueIdentifier>
    </Filter>
    <Filter Include="Shader\MeshComponent">
      <UniqueIdentifier>{9a6552dd-4370-49c3-adb5-6c99dbf4e683}</UniqueIdentifier>
    </Filter>
    <Filter Include="Shader\Scene">
      <UniqueIdentifier>{f1db2ba8-047e-491c-b1ee-ae9d2b719aec}</UniqueIdentifier>
    </Filter>
    <Filter Include="Shader\Header">
      <UniqueIdentifier>{6a6792ac-3bce-4aca-8f19-20adbe8be766}</UniqueIdentifier>
    </Filter>
    <Filter Include="Shader\Resolver">
      <UniqueIdentifier>{99851678-743c-4f84-9c37-3be0d55a3876}</UniqueIdentifier>
    </Filter>
    <Filter Include="소스 파일\InputManager">
      <UniqueIdentifier>{38fcf5a0-01fd-4ee5-be44-9282b2b359ea}</UniqueIdentifier>
    </Filter>
    <Filter Include="헤더 파일\InputManager">
      <UniqueIdentifier>{1c82df74-bf9d-48d2-9b85-7a1f333e6eca}</UniqueIdentifier>
    </Filter>
  </ItemGroup>
  <ItemGroup>
    <ClCompile Include="AApplication.cpp">
      <Filter>소스 파일</Filter>
    </ClCompile>
    <ClCompile Include="AComponent.cpp">
      <Filter>소스 파일\Component</Filter>
    </ClCompile>
    <ClCompile Include="StaticMeshComponent.cpp">
      <Filter>소스 파일\Component\Model</Filter>
    </ClCompile>
    <ClCompile Include="SkeletalMeshComponent.cpp">
      <Filter>소스 파일\Component\Model</Filter>
    </ClCompile>
    <ClCompile Include="AMeshComponent.cpp">
      <Filter>소스 파일\Component\Model</Filter>
    </ClCompile>
    <ClCompile Include="ComponentEntity.cpp">
      <Filter>소스 파일\Component\Entity</Filter>
    </ClCompile>
    <ClCompile Include="CameraComponent.cpp">
      <Filter>소스 파일\Component\Camera</Filter>
    </ClCompile>
    <ClCompile Include="Scene.cpp">
      <Filter>소스 파일\Scene</Filter>
    </ClCompile>
    <ClCompile Include="AInstancedModelComponent.cpp">
      <Filter>소스 파일\Component\Model</Filter>
    </ClCompile>
    <ClCompile Include="SceneForwardRenderer.cpp">
      <Filter>소스 파일\Component\Visitor\Rendering</Filter>
    </ClCompile>
    <ClCompile Include="ComponentManager.cpp">
      <Filter>소스 파일\Component</Filter>
    </ClCompile>
    <ClCompile Include="SceneDefferedRenderer.cpp">
      <Filter>소스 파일\Component\Visitor\Rendering</Filter>
    </ClCompile>
    <ClCompile Include="ASceneRenderer.cpp">
      <Filter>소스 파일\Component\Visitor\Rendering</Filter>
    </ClCompile>
    <ClCompile Include="ComponentPSOManager.cpp">
      <Filter>소스 파일\PSOManager</Filter>
    </ClCompile>
    <ClCompile Include="ComponentDBInitializer.cpp">
      <Filter>소스 파일\Component\Visitor\Database</Filter>
    </ClCompile>
    <ClCompile Include="ComponentDBCreator.cpp">
      <Filter>소스 파일\Component\Visitor\Database</Filter>
    </ClCompile>
    <ClCompile Include="ComponentDBRemover.cpp">
      <Filter>소스 파일\Component\Visitor\Database</Filter>
    </ClCompile>
    <ClCompile Include="ComponentDBUpdater.cpp">
      <Filter>소스 파일\Component\Visitor\Database</Filter>
    </ClCompile>
    <ClCompile Include="InputEventManager.cpp">
      <Filter>소스 파일\InputManager</Filter>
    </ClCompile>
    <ClCompile Include="MouseEvent.cpp">
      <Filter>소스 파일\InputManager</Filter>
    </ClCompile>
    <ClCompile Include="KeyEvent.cpp">
      <Filter>소스 파일\InputManager</Filter>
    </ClCompile>
    <ClCompile Include="AnimationPlayer.cpp">
      <Filter>소스 파일\Utilities</Filter>
    </ClCompile>
  </ItemGroup>
  <ItemGroup>
    <None Include="Shaders\BoundingComponentHeader.hlsli">
      <Filter>Shader\Header</Filter>
    </None>
    <None Include="Shaders\SceneHeader.hlsli">
      <Filter>Shader\Header</Filter>
    </None>
    <None Include="Shaders\GBufferResolverHeader.hlsli">
      <Filter>Shader\Header</Filter>
    </None>
    <None Include="Shaders\MeshComponentHeader.hlsli">
      <Filter>Shader\Header</Filter>
    </None>
    <None Include="Shaders\MaterialComponentHeader.hlsli">
      <Filter>Shader\Header</Filter>
    </None>
    <None Include="Shaders\PBRHeader.hlsli">
      <Filter>Shader\Header</Filter>
    </None>
  </ItemGroup>
  <ItemGroup>
    <FxCompile Include="Shaders\BoundingComponentVS.hlsl">
      <Filter>Shader\BoundingComponent</Filter>
    </FxCompile>
    <FxCompile Include="Shaders\DefferedMeshComponentPS.hlsl">
      <Filter>Shader\MeshComponent</Filter>
    </FxCompile>
    <FxCompile Include="Shaders\ForwardScenePS.hlsl">
      <Filter>Shader\Scene</Filter>
    </FxCompile>
    <FxCompile Include="Shaders\SceneVS.hlsl">
      <Filter>Shader\Scene</Filter>
    </FxCompile>
    <FxCompile Include="Shaders\GBufferResolvePS.hlsl">
      <Filter>Shader\Resolver</Filter>
    </FxCompile>
    <FxCompile Include="Shaders\GBufferResolveVS.hlsl">
      <Filter>Shader\Resolver</Filter>
    </FxCompile>
    <FxCompile Include="Shaders\ForwardMeshComponentPS.hlsl">
      <Filter>Shader\MeshComponent</Filter>
    </FxCompile>
    <FxCompile Include="Shaders\MeshComponentDS.hlsl">
      <Filter>Shader\MeshComponent</Filter>
    </FxCompile>
    <FxCompile Include="Shaders\MeshComponentHS.hlsl">
      <Filter>Shader\MeshComponent</Filter>
    </FxCompile>
    <FxCompile Include="Shaders\SkeletalMeshComponentVS.hlsl">
      <Filter>Shader\MeshComponent</Filter>
    </FxCompile>
    <FxCompile Include="Shaders\StaticMeshComponentVS.hlsl">
      <Filter>Shader\MeshComponent</Filter>
    </FxCompile>
    <FxCompile Include="Shaders\ForwardBoundingComponentPS.hlsl">
      <Filter>Shader\BoundingComponent</Filter>
    </FxCompile>
  </ItemGroup>
</Project>