<?xml version="1.0" encoding="utf-8"?>
<Project ToolsVersion="4.0" xmlns="http://schemas.microsoft.com/developer/msbuild/2003">
  <ItemGroup>
    <Filter Include="소스 파일">
      <UniqueIdentifier>{4FC737F1-C7A5-4376-A066-2A32D752A2FF}</UniqueIdentifier>
      <Extensions>cpp;c;cc;cxx;c++;cppm;ixx;def;odl;idl;hpj;bat;asm;asmx</Extensions>
    </Filter>
    <Filter Include="헤더 파일">
      <UniqueIdentifier>{93995380-89BD-4b04-88EB-625FBE52EBFB}</UniqueIdentifier>
      <Extensions>h;hh;hpp;hxx;h++;hm;inl;inc;ipp;xsd</Extensions>
    </Filter>
    <Filter Include="리소스 파일">
      <UniqueIdentifier>{67DA6AB6-F800-4c08-8B7A-83BB121AAD01}</UniqueIdentifier>
      <Extensions>rc;ico;cur;bmp;dlg;rc2;rct;bin;rgs;gif;jpg;jpeg;jpe;resx;tiff;tif;png;wav;mfcribbon-ms</Extensions>
    </Filter>
    <Filter Include="헤더 파일\Window">
      <UniqueIdentifier>{c19ce221-65b8-4395-b088-1d446e4a6b19}</UniqueIdentifier>
    </Filter>
    <Filter Include="소스 파일\Window">
      <UniqueIdentifier>{c52a3849-f529-4c37-945d-80c040ee37a0}</UniqueIdentifier>
    </Filter>
    <Filter Include="헤더 파일\Control">
      <UniqueIdentifier>{a505ecc5-62a1-4505-a6a3-0dc5b44bebde}</UniqueIdentifier>
    </Filter>
    <Filter Include="소스 파일\Control">
      <UniqueIdentifier>{b3094f21-040c-4674-9607-94e6045c8a72}</UniqueIdentifier>
    </Filter>
    <Filter Include="헤더 파일\Event">
      <UniqueIdentifier>{47be9a0f-b9a2-486b-84b0-cf91b02e6aa0}</UniqueIdentifier>
    </Filter>
    <Filter Include="소스 파일\Event">
      <UniqueIdentifier>{2a8ec922-7473-4f7d-a4ad-154638606872}</UniqueIdentifier>
    </Filter>
    <Filter Include="소스 파일\Manager">
      <UniqueIdentifier>{10b0b82f-b883-4dbd-8adf-7494b8380f1d}</UniqueIdentifier>
    </Filter>
    <Filter Include="헤더 파일\Manager">
      <UniqueIdentifier>{c4e97d8b-703a-4ff2-af1e-a48940493946}</UniqueIdentifier>
    </Filter>
    <Filter Include="소스 파일\Control\Wrapper">
      <UniqueIdentifier>{c2d92a8a-64ef-4710-9147-161ff5828f70}</UniqueIdentifier>
    </Filter>
    <Filter Include="헤더 파일\Control\Wrapper">
      <UniqueIdentifier>{8e12c266-aa3e-49fe-a88c-a1637788e3c1}</UniqueIdentifier>
    </Filter>
    <Filter Include="헤더 파일\Notificator">
      <UniqueIdentifier>{92f57726-7213-4bbe-9f0e-c3ffefd1cc33}</UniqueIdentifier>
    </Filter>
    <Filter Include="소스 파일\Notificator">
      <UniqueIdentifier>{237aa85d-9744-4cda-a011-0d1349f71bce}</UniqueIdentifier>
    </Filter>
    <Filter Include="소스 파일\Notificator\Modal">
      <UniqueIdentifier>{d76455b3-cd97-4606-9719-271e753c90ea}</UniqueIdentifier>
    </Filter>
    <Filter Include="소스 파일\Notificator\Modal\Extended">
      <UniqueIdentifier>{2878affc-9654-48cc-97ab-6d81a86daf17}</UniqueIdentifier>
    </Filter>
    <Filter Include="소스 파일\Notificator\ContextMenu">
      <UniqueIdentifier>{147eecd0-2bc1-4419-8200-8711c90ee9d4}</UniqueIdentifier>
    </Filter>
    <Filter Include="헤더 파일\Notificator\Modal">
      <UniqueIdentifier>{551e9273-90de-4aa1-a16b-2ccfbe10ea2d}</UniqueIdentifier>
    </Filter>
    <Filter Include="헤더 파일\Notificator\Modal\Extended">
      <UniqueIdentifier>{06ec5379-df3e-4f38-b4fc-3dc36ff3d3c5}</UniqueIdentifier>
    </Filter>
    <Filter Include="헤더 파일\Notificator\ContextMenu">
      <UniqueIdentifier>{47db954f-ca8b-4c84-88ae-bfc4419620b7}</UniqueIdentifier>
    </Filter>
    <Filter Include="소스 파일\Window\Extended">
      <UniqueIdentifier>{54cb20a9-5f5a-4caa-b73a-c73f87a545f8}</UniqueIdentifier>
    </Filter>
    <Filter Include="헤더 파일\Window\Extended">
      <UniqueIdentifier>{ad2f7453-ed29-4f82-ba62-0b4a2734e381}</UniqueIdentifier>
    </Filter>
    <Filter Include="헤더 파일\Control\NodeEditor">
      <UniqueIdentifier>{00ed7351-a29d-4615-bc42-54c6536ec02d}</UniqueIdentifier>
    </Filter>
    <Filter Include="헤더 파일\Control\NodeEditor\Canvas">
      <UniqueIdentifier>{ce55edb3-86ef-4451-aa95-bed7d48f3bb8}</UniqueIdentifier>
    </Filter>
    <Filter Include="소스 파일\Control\NodeEditor">
      <UniqueIdentifier>{0b3bcb80-b408-4219-8a12-ea1da0ef4011}</UniqueIdentifier>
    </Filter>
    <Filter Include="소스 파일\Control\NodeEditor\Canvas">
      <UniqueIdentifier>{afc38c6b-af94-43c0-a6a2-359aa5e91fba}</UniqueIdentifier>
    </Filter>
    <Filter Include="소스 파일\Control\NodeEditor\Node">
      <UniqueIdentifier>{a218bd9b-569d-44c6-9ab1-ec916a0f7537}</UniqueIdentifier>
    </Filter>
    <Filter Include="헤더 파일\Control\NodeEditor\Node">
      <UniqueIdentifier>{04f4a747-bfb2-488b-830e-4886efdaf915}</UniqueIdentifier>
    </Filter>
    <Filter Include="소스 파일\Utilties">
      <UniqueIdentifier>{22720d49-ed01-47c2-a846-7d0923bee948}</UniqueIdentifier>
    </Filter>
    <Filter Include="헤더 파일\Utilities">
      <UniqueIdentifier>{d3fc3f18-4492-4095-83c5-250daff64579}</UniqueIdentifier>
    </Filter>
    <Filter Include="소스 파일\Control\NodeEditor\Port">
      <UniqueIdentifier>{de157c66-b03b-45d9-b245-d4db05c00d21}</UniqueIdentifier>
    </Filter>
    <Filter Include="소스 파일\Control\NodeEditor\Port\VariablePort">
      <UniqueIdentifier>{26f75e05-f843-4c31-ba80-22b913ec2f03}</UniqueIdentifier>
    </Filter>
    <Filter Include="헤더 파일\Control\NodeEditor\Port">
      <UniqueIdentifier>{0eb19dc4-a48f-4598-8c1e-85c6abde99f6}</UniqueIdentifier>
    </Filter>
    <Filter Include="헤더 파일\Control\NodeEditor\Port\VariablePort">
      <UniqueIdentifier>{3d86ca27-2bd2-489a-964a-05bda7dbfad0}</UniqueIdentifier>
    </Filter>
  </ItemGroup>
  <ItemGroup>
    <ClCompile Include="imgui_impl_dx11.cpp">
      <Filter>소스 파일</Filter>
    </ClCompile>
    <ClCompile Include="imgui_impl_win32.cpp">
      <Filter>소스 파일</Filter>
    </ClCompile>
    <ClCompile Include="AWindow.cpp">
      <Filter>소스 파일\Window</Filter>
    </ClCompile>
    <ClCompile Include="AUserControl.cpp">
      <Filter>소스 파일\Control</Filter>
    </ClCompile>
    <ClCompile Include="ImGuiInitializer.cpp">
      <Filter>소스 파일</Filter>
    </ClCompile>
    <ClCompile Include="MouseEventArgs.cpp">
      <Filter>소스 파일\Event</Filter>
    </ClCompile>
    <ClCompile Include="MouseClickEventArgs.cpp">
      <Filter>소스 파일\Event</Filter>
    </ClCompile>
    <ClCompile Include="InteractionManager.cpp">
      <Filter>소스 파일\Manager</Filter>
    </ClCompile>
    <ClCompile Include="AModal.cpp">
      <Filter>소스 파일\Notificator\Modal</Filter>
    </ClCompile>
    <ClCompile Include="TaskModal.cpp">
      <Filter>소스 파일\Notificator\Modal\Extended</Filter>
    </ClCompile>
    <ClCompile Include="ImGuiComboBox.cpp">
      <Filter>소스 파일\Control\Wrapper</Filter>
    </ClCompile>
    <ClCompile Include="ImGuiListBox.cpp">
      <Filter>소스 파일\Control\Wrapper</Filter>
    </ClCompile>
    <ClCompile Include="AImGuiSelectable.cpp">
      <Filter>소스 파일\Control\Wrapper</Filter>
    </ClCompile>
    <ClCompile Include="MessageBoxModal.cpp">
      <Filter>소스 파일\Notificator\Modal\Extended</Filter>
    </ClCompile>
    <ClCompile Include="AContextMenu.cpp">
      <Filter>소스 파일\Notificator\ContextMenu</Filter>
    </ClCompile>
    <ClCompile Include="ANotificator.cpp">
      <Filter>소스 파일\Notificator</Filter>
    </ClCompile>
    <ClCompile Include="Canvas.cpp">
      <Filter>소스 파일\Control\NodeEditor\Canvas</Filter>
    </ClCompile>
    <ClCompile Include="ANodeEditorWindow.cpp">
      <Filter>소스 파일\Window\Extended</Filter>
    </ClCompile>
    <ClCompile Include="Node.cpp">
      <Filter>소스 파일\Control\NodeEditor\Node</Filter>
    </ClCompile>
    <ClCompile Include="ZIndexable.cpp">
      <Filter>소스 파일\Utilties</Filter>
    </ClCompile>
    <ClCompile Include="ZIndexComparer.cpp">
      <Filter>소스 파일\Utilties</Filter>
    </ClCompile>
    <ClCompile Include="AInteractable.cpp">
      <Filter>소스 파일\Control</Filter>
    </ClCompile>
    <ClCompile Include="ADrawElement.cpp">
      <Filter>소스 파일\Control</Filter>
    </ClCompile>
    <ClCompile Include="Port.cpp">
      <Filter>소스 파일\Control\NodeEditor\Port</Filter>
    </ClCompile>
    <ClCompile Include="DrawElementManager.cpp">
      <Filter>소스 파일\Manager</Filter>
    </ClCompile>
    <ClCompile Include="VariablePort.cpp">
      <Filter>소스 파일</Filter>
    </ClCompile>
  </ItemGroup>
  <ItemGroup>
    <ClInclude Include="imgui_impl_dx11.h">
      <Filter>헤더 파일</Filter>
    </ClInclude>
    <ClInclude Include="imgui_impl_win32.h">
      <Filter>헤더 파일</Filter>
    </ClInclude>
    <ClInclude Include="AWindow.h">
      <Filter>헤더 파일\Window</Filter>
    </ClInclude>
    <ClInclude Include="AUserControl.h">
      <Filter>헤더 파일\Control</Filter>
    </ClInclude>
    <ClInclude Include="ImGuiInitializer.h">
      <Filter>헤더 파일</Filter>
    </ClInclude>
    <ClInclude Include="MouseEventArgs.h">
      <Filter>헤더 파일\Event</Filter>
    </ClInclude>
    <ClInclude Include="MouseClickEventArgs.h">
      <Filter>헤더 파일\Event</Filter>
    </ClInclude>
    <ClInclude Include="InteractionManager.h">
      <Filter>헤더 파일\Manager</Filter>
    </ClInclude>
    <ClInclude Include="AModal.h">
      <Filter>헤더 파일\Notificator\Modal</Filter>
    </ClInclude>
    <ClInclude Include="TaskModal.h">
      <Filter>헤더 파일\Notificator\Modal\Extended</Filter>
    </ClInclude>
    <ClInclude Include="ImGuiComboBox.h">
      <Filter>헤더 파일\Control\Wrapper</Filter>
    </ClInclude>
    <ClInclude Include="ImGuiListBox.h">
      <Filter>헤더 파일\Control\Wrapper</Filter>
    </ClInclude>
    <ClInclude Include="AImGuiSelectable.h">
      <Filter>헤더 파일\Control\Wrapper</Filter>
    </ClInclude>
    <ClInclude Include="MessageBoxModal.h">
      <Filter>헤더 파일\Notificator\Modal\Extended</Filter>
    </ClInclude>
    <ClInclude Include="AContextMenu.h">
      <Filter>헤더 파일\Notificator\ContextMenu</Filter>
    </ClInclude>
    <ClInclude Include="ANotificator.h">
      <Filter>헤더 파일\Notificator</Filter>
    </ClInclude>
    <ClInclude Include="Canvas.h">
      <Filter>헤더 파일\Control\NodeEditor\Canvas</Filter>
    </ClInclude>
    <ClInclude Include="ANodeEditorWindow.h">
      <Filter>헤더 파일\Window\Extended</Filter>
    </ClInclude>
    <ClInclude Include="Node.h">
      <Filter>헤더 파일\Control\NodeEditor\Node</Filter>
    </ClInclude>
    <ClInclude Include="ZIndexable.h">
      <Filter>헤더 파일\Utilities</Filter>
    </ClInclude>
    <ClInclude Include="ZIndexComparer.h">
      <Filter>헤더 파일\Utilities</Filter>
    </ClInclude>
    <ClInclude Include="AInteractable.h">
      <Filter>헤더 파일\Control</Filter>
    </ClInclude>
    <ClInclude Include="ADrawElement.h">
      <Filter>헤더 파일\Control</Filter>
    </ClInclude>
    <ClInclude Include="Port.h">
      <Filter>헤더 파일\Control\NodeEditor\Port</Filter>
    </ClInclude>
    <ClInclude Include="DrawElementManager.h">
      <Filter>헤더 파일\Manager</Filter>
    </ClInclude>
    <ClInclude Include="VariablePort.h">
      <Filter>헤더 파일</Filter>
    </ClInclude>
    <ClInclude Include="VariableInputPort.h">
      <Filter>헤더 파일\Control\NodeEditor\Node</Filter>
    </ClInclude>
    <ClInclude Include="VariableOutputPort.h">
      <Filter>헤더 파일\Control\NodeEditor\Node</Filter>
    </ClInclude>
    <ClInclude Include="VariableNode.h">
      <Filter>헤더 파일\Control\NodeEditor\Node</Filter>
    </ClInclude>
  </ItemGroup>
</Project>