<?xml version="1.0" encoding="utf-8"?>
<Project ToolsVersion="4.0" xmlns="http://schemas.microsoft.com/developer/msbuild/2003">
  <ItemGroup>
    <Filter Include="소스 파일">
      <UniqueIdentifier>{4FC737F1-C7A5-4376-A066-2A32D752A2FF}</UniqueIdentifier>
      <Extensions>cpp;c;cc;cxx;c++;cppm;ixx;def;odl;idl;hpj;bat;asm;asmx</Extensions>
    </Filter>
    <Filter Include="헤더 파일">
      <UniqueIdentifier>{93995380-89BD-4b04-88EB-625FBE52EBFB}</UniqueIdentifier>
      <Extensions>h;hh;hpp;hxx;h++;hm;inl;inc;ipp;xsd</Extensions>
    </Filter>
    <Filter Include="리소스 파일">
      <UniqueIdentifier>{67DA6AB6-F800-4c08-8B7A-83BB121AAD01}</UniqueIdentifier>
      <Extensions>rc;ico;cur;bmp;dlg;rc2;rct;bin;rgs;gif;jpg;jpeg;jpe;resx;tiff;tif;png;wav;mfcribbon-ms</Extensions>
    </Filter>
    <Filter Include="헤더 파일\Window">
      <UniqueIdentifier>{c19ce221-65b8-4395-b088-1d446e4a6b19}</UniqueIdentifier>
    </Filter>
    <Filter Include="소스 파일\Window">
      <UniqueIdentifier>{c52a3849-f529-4c37-945d-80c040ee37a0}</UniqueIdentifier>
    </Filter>
    <Filter Include="헤더 파일\Control">
      <UniqueIdentifier>{a505ecc5-62a1-4505-a6a3-0dc5b44bebde}</UniqueIdentifier>
    </Filter>
    <Filter Include="소스 파일\Control">
      <UniqueIdentifier>{b3094f21-040c-4674-9607-94e6045c8a72}</UniqueIdentifier>
    </Filter>
    <Filter Include="헤더 파일\Event">
      <UniqueIdentifier>{47be9a0f-b9a2-486b-84b0-cf91b02e6aa0}</UniqueIdentifier>
    </Filter>
    <Filter Include="소스 파일\Event">
      <UniqueIdentifier>{2a8ec922-7473-4f7d-a4ad-154638606872}</UniqueIdentifier>
    </Filter>
    <Filter Include="소스 파일\Manager">
      <UniqueIdentifier>{10b0b82f-b883-4dbd-8adf-7494b8380f1d}</UniqueIdentifier>
    </Filter>
    <Filter Include="헤더 파일\Manager">
      <UniqueIdentifier>{c4e97d8b-703a-4ff2-af1e-a48940493946}</UniqueIdentifier>
    </Filter>
    <Filter Include="소스 파일\Modal">
      <UniqueIdentifier>{d76455b3-cd97-4606-9719-271e753c90ea}</UniqueIdentifier>
    </Filter>
    <Filter Include="헤더 파일\Modal">
      <UniqueIdentifier>{551e9273-90de-4aa1-a16b-2ccfbe10ea2d}</UniqueIdentifier>
    </Filter>
    <Filter Include="소스 파일\Modal\Extended">
      <UniqueIdentifier>{2878affc-9654-48cc-97ab-6d81a86daf17}</UniqueIdentifier>
    </Filter>
    <Filter Include="헤더 파일\Modal\Extended">
      <UniqueIdentifier>{06ec5379-df3e-4f38-b4fc-3dc36ff3d3c5}</UniqueIdentifier>
    </Filter>
  </ItemGroup>
  <ItemGroup>
    <ClCompile Include="imgui_impl_dx11.cpp">
      <Filter>소스 파일</Filter>
    </ClCompile>
    <ClCompile Include="imgui_impl_win32.cpp">
      <Filter>소스 파일</Filter>
    </ClCompile>
    <ClCompile Include="AWindow.cpp">
      <Filter>소스 파일\Window</Filter>
    </ClCompile>
    <ClCompile Include="AControl.cpp">
      <Filter>소스 파일\Control</Filter>
    </ClCompile>
    <ClCompile Include="ImGuiInitializer.cpp">
      <Filter>소스 파일</Filter>
    </ClCompile>
    <ClCompile Include="MouseEventArgs.cpp">
      <Filter>소스 파일\Event</Filter>
    </ClCompile>
    <ClCompile Include="MouseClickEventArgs.cpp">
      <Filter>소스 파일\Event</Filter>
    </ClCompile>
    <ClCompile Include="ImGuiControlManager.cpp">
      <Filter>소스 파일\Manager</Filter>
    </ClCompile>
    <ClCompile Include="AModal.cpp">
      <Filter>소스 파일\Modal</Filter>
    </ClCompile>
    <ClCompile Include="TaskModal.cpp">
      <Filter>소스 파일\Modal\Extended</Filter>
    </ClCompile>
    <ClCompile Include="ImGuiTaskWaiter.cpp">
      <Filter>소스 파일\Modal\Extended</Filter>
    </ClCompile>
  </ItemGroup>
  <ItemGroup>
    <ClInclude Include="imgui_impl_dx11.h">
      <Filter>헤더 파일</Filter>
    </ClInclude>
    <ClInclude Include="imgui_impl_win32.h">
      <Filter>헤더 파일</Filter>
    </ClInclude>
    <ClInclude Include="AWindow.h">
      <Filter>헤더 파일\Window</Filter>
    </ClInclude>
    <ClInclude Include="AControl.h">
      <Filter>헤더 파일\Control</Filter>
    </ClInclude>
    <ClInclude Include="ImGuiInitializer.h">
      <Filter>헤더 파일</Filter>
    </ClInclude>
    <ClInclude Include="MouseEventArgs.h">
      <Filter>헤더 파일\Event</Filter>
    </ClInclude>
    <ClInclude Include="MouseClickEventArgs.h">
      <Filter>헤더 파일\Event</Filter>
    </ClInclude>
    <ClInclude Include="ImGuiControlManager.h">
      <Filter>헤더 파일\Manager</Filter>
    </ClInclude>
    <ClInclude Include="AModal.h">
      <Filter>헤더 파일\Modal</Filter>
    </ClInclude>
    <ClInclude Include="TaskModal.h">
      <Filter>헤더 파일\Modal\Extended</Filter>
    </ClInclude>
    <ClInclude Include="ImGuiTaskWaiter.h">
      <Filter>헤더 파일\Modal\Extended</Filter>
    </ClInclude>
  </ItemGroup>
</Project>