<?xml version="1.0" encoding="utf-8"?>
<Project ToolsVersion="4.0" xmlns="http://schemas.microsoft.com/developer/msbuild/2003">
  <ItemGroup>
    <Filter Include="소스 파일">
      <UniqueIdentifier>{4FC737F1-C7A5-4376-A066-2A32D752A2FF}</UniqueIdentifier>
      <Extensions>cpp;c;cc;cxx;c++;cppm;ixx;def;odl;idl;hpj;bat;asm;asmx</Extensions>
    </Filter>
    <Filter Include="헤더 파일">
      <UniqueIdentifier>{93995380-89BD-4b04-88EB-625FBE52EBFB}</UniqueIdentifier>
      <Extensions>h;hh;hpp;hxx;h++;hm;inl;inc;ipp;xsd</Extensions>
    </Filter>
    <Filter Include="리소스 파일">
      <UniqueIdentifier>{67DA6AB6-F800-4c08-8B7A-83BB121AAD01}</UniqueIdentifier>
      <Extensions>rc;ico;cur;bmp;dlg;rc2;rct;bin;rgs;gif;jpg;jpeg;jpe;resx;tiff;tif;png;wav;mfcribbon-ms</Extensions>
    </Filter>
    <Filter Include="소스 파일\GUI">
      <UniqueIdentifier>{6a3b233c-642b-4a6f-9351-a72123c84e98}</UniqueIdentifier>
    </Filter>
    <Filter Include="소스 파일\GUI\Window">
      <UniqueIdentifier>{35f88027-6d3d-42d4-a418-dfc25600f507}</UniqueIdentifier>
    </Filter>
    <Filter Include="소스 파일\GUI\Control">
      <UniqueIdentifier>{40296840-7df3-4ad1-b237-5af958362d71}</UniqueIdentifier>
    </Filter>
    <Filter Include="헤더 파일\GUI">
      <UniqueIdentifier>{385a8f1e-e4b2-4c4a-9e49-e615a01ebaa4}</UniqueIdentifier>
    </Filter>
    <Filter Include="헤더 파일\GUI\Control">
      <UniqueIdentifier>{9e5565ae-99a5-4e98-9fc3-572b5718bb09}</UniqueIdentifier>
    </Filter>
    <Filter Include="헤더 파일\GUI\Window">
      <UniqueIdentifier>{1b4f8a16-8bf1-4098-bfbc-862fd7c2ae0e}</UniqueIdentifier>
    </Filter>
    <Filter Include="헤더 파일\GUI\Window\Extended">
      <UniqueIdentifier>{d953c5df-49e3-4834-bdcd-9d2ab0c85642}</UniqueIdentifier>
    </Filter>
    <Filter Include="소스 파일\GUI\Modal">
      <UniqueIdentifier>{fc43d1db-e100-45e8-b689-4140ff805e26}</UniqueIdentifier>
    </Filter>
    <Filter Include="소스 파일\GUI\Child">
      <UniqueIdentifier>{c930e817-bb9c-4588-99d5-1a8b784fed60}</UniqueIdentifier>
    </Filter>
    <Filter Include="헤더 파일\GUI\Child">
      <UniqueIdentifier>{284c7c62-f08c-4734-8a0e-f3043b6ce0dc}</UniqueIdentifier>
    </Filter>
    <Filter Include="헤더 파일\GUI\Modal">
      <UniqueIdentifier>{4b0895e5-aa9c-4c30-9650-5a9a38c51352}</UniqueIdentifier>
    </Filter>
    <Filter Include="헤더 파일\GUI\ContextMenu">
      <UniqueIdentifier>{98641e98-8670-4c55-8496-42a492b80e2b}</UniqueIdentifier>
    </Filter>
    <Filter Include="소스 파일\GUI\NodeEditor">
      <UniqueIdentifier>{a55cbb82-62c4-49e1-a320-8f6007bb5cf2}</UniqueIdentifier>
    </Filter>
    <Filter Include="헤더 파일\GUI\NodeEditor">
      <UniqueIdentifier>{d6bbcf23-53a5-4a3d-bdb9-e2feab0464d6}</UniqueIdentifier>
    </Filter>
    <Filter Include="소스 파일\GUI\ContextMenu">
      <UniqueIdentifier>{b313389b-c169-4fbc-91be-27eff94331b3}</UniqueIdentifier>
    </Filter>
    <Filter Include="헤더 파일\GUI\NodeEditor\Node">
      <UniqueIdentifier>{8fed41f3-6e08-4b00-86b7-c066e607a5b3}</UniqueIdentifier>
    </Filter>
    <Filter Include="소스 파일\GUI\NodeEditor\Node">
      <UniqueIdentifier>{d56ee992-a8e7-4529-96e0-ec4e8bbd6f25}</UniqueIdentifier>
    </Filter>
    <Filter Include="헤더 파일\GUI\Window\NodeEditor">
      <UniqueIdentifier>{1148f3a3-8cc7-48a2-8b3c-d91ce67e1ca6}</UniqueIdentifier>
    </Filter>
    <Filter Include="헤더 파일\GUI\Window\NodeEditor\CreateAsset">
      <UniqueIdentifier>{17e9293a-16af-46ea-ae46-1afa24c9d187}</UniqueIdentifier>
    </Filter>
    <Filter Include="소스 파일\GUI\Window\NodeEditor">
      <UniqueIdentifier>{c895d350-706a-4433-b570-34e66f2b42e6}</UniqueIdentifier>
    </Filter>
    <Filter Include="소스 파일\GUI\Window\NodeEditor\CreateAsset">
      <UniqueIdentifier>{c07cd214-a1b5-43af-9c45-e8c8140e6f44}</UniqueIdentifier>
    </Filter>
    <Filter Include="헤더 파일\GUI\NodeEditor\Node\Flow">
      <UniqueIdentifier>{cd5d5f4f-bc5d-4ee5-9ccd-8d38cc00f84c}</UniqueIdentifier>
    </Filter>
    <Filter Include="헤더 파일\GUI\NodeEditor\Node\Variable">
      <UniqueIdentifier>{ac3142a6-bdae-4bd1-ae47-6cc0e754ebc9}</UniqueIdentifier>
    </Filter>
    <Filter Include="소스 파일\GUI\NodeEditor\Node\Flow">
      <UniqueIdentifier>{0f1cb45e-8e04-4b7b-830a-d1851f9e7556}</UniqueIdentifier>
    </Filter>
    <Filter Include="소스 파일\GUI\NodeEditor\Node\Variable">
      <UniqueIdentifier>{7dab8f96-a719-4dd3-b359-4de50954e2e1}</UniqueIdentifier>
    </Filter>
    <Filter Include="소스 파일\GUI\Window\Extended">
      <UniqueIdentifier>{64a9ed87-72aa-448c-b8b7-7321ccb031b9}</UniqueIdentifier>
    </Filter>
  </ItemGroup>
  <ItemGroup>
    <ClCompile Include="main.cpp">
      <Filter>소스 파일</Filter>
    </ClCompile>
    <ClCompile Include="GameEngine.cpp">
      <Filter>소스 파일</Filter>
    </ClCompile>
    <ClCompile Include="AssetFileControl.cpp">
      <Filter>소스 파일\GUI\Control</Filter>
    </ClCompile>
    <ClCompile Include="ComponentHandler.cpp">
      <Filter>소스 파일\GUI\Child</Filter>
    </ClCompile>
    <ClCompile Include="AssetContextMenu.cpp">
      <Filter>소스 파일\GUI\ContextMenu</Filter>
    </ClCompile>
    <ClCompile Include="CreateIBLMaterialWithNodeEditorWindow.cpp">
      <Filter>소스 파일\GUI\Window\NodeEditor\CreateAsset</Filter>
    </ClCompile>
    <ClCompile Include="IBLMaterialAssetCreateFlowNode.cpp">
      <Filter>소스 파일\GUI\NodeEditor\Node\Flow</Filter>
    </ClCompile>
    <ClCompile Include="ScratchTextureAssetVariableNode.cpp">
      <Filter>소스 파일\GUI\NodeEditor\Node\Variable</Filter>
    </ClCompile>
    <ClCompile Include="AssetWriterPathNode.cpp">
      <Filter>소스 파일\GUI\NodeEditor\Node\Variable</Filter>
    </ClCompile>
    <ClCompile Include="BaseTextureAssetVariableNode.cpp">
      <Filter>소스 파일\GUI\NodeEditor\Node\Variable</Filter>
    </ClCompile>
    <ClCompile Include="ATextureAssetVariableNode.cpp">
      <Filter>소스 파일\GUI\NodeEditor\Node\Variable</Filter>
    </ClCompile>
    <ClCompile Include="CreateModelMaterialWIthNodeEditorWindow.cpp">
      <Filter>소스 파일\GUI\Window\NodeEditor\CreateAsset</Filter>
    </ClCompile>
    <ClCompile Include="ModelMaterialAssetCreateFlowNode.cpp">
      <Filter>소스 파일\GUI\NodeEditor\Node\Flow</Filter>
    </ClCompile>
    <ClCompile Include="Float3VariableNode.cpp">
      <Filter>소스 파일\GUI\NodeEditor\Node\Variable</Filter>
    </ClCompile>
    <ClCompile Include="AssetViewWindow.cpp">
      <Filter>소스 파일\GUI\Window\Extended</Filter>
    </ClCompile>
    <ClCompile Include="SceneWindow.cpp">
      <Filter>소스 파일\GUI\Window\Extended</Filter>
    </ClCompile>
    <ClCompile Include="PerformanceAnalyzerWindow.cpp">
      <Filter>소스 파일\GUI\Window\Extended</Filter>
    </ClCompile>
    <ClCompile Include="CreateAnimationRetargeterWindow.cpp">
      <Filter>소스 파일\GUI\Window\Extended</Filter>
    </ClCompile>
  </ItemGroup>
  <ItemGroup>
    <ClInclude Include="GameEngine.h">
      <Filter>헤더 파일</Filter>
    </ClInclude>
    <ClInclude Include="AssetViewWindow.h">
      <Filter>헤더 파일\GUI\Window\Extended</Filter>
    </ClInclude>
    <ClInclude Include="AssetFileControl.h">
      <Filter>헤더 파일\GUI\Control</Filter>
    </ClInclude>
    <ClInclude Include="SceneWindow.h">
      <Filter>헤더 파일\GUI\Window\Extended</Filter>
    </ClInclude>
    <ClInclude Include="ComponentHandler.h">
      <Filter>헤더 파일\GUI\Child</Filter>
    </ClInclude>
    <ClInclude Include="AssetContextMenu.h">
      <Filter>헤더 파일\GUI\ContextMenu</Filter>
    </ClInclude>
    <ClInclude Include="CreateIBLMaterialWithNodeEditorWindow.h">
      <Filter>헤더 파일\GUI\Window\NodeEditor\CreateAsset</Filter>
    </ClInclude>
    <ClInclude Include="IBLMaterialAssetCreateFlowNode.h">
      <Filter>헤더 파일\GUI\NodeEditor\Node\Flow</Filter>
    </ClInclude>
    <ClInclude Include="ScratchTextureAssetVariableNode.h">
      <Filter>헤더 파일\GUI\NodeEditor\Node\Variable</Filter>
    </ClInclude>
    <ClInclude Include="AssetWriterPathNode.h">
      <Filter>헤더 파일\GUI\NodeEditor\Node\Variable</Filter>
    </ClInclude>
    <ClInclude Include="BaseTextureAssetVariableNode.h">
      <Filter>헤더 파일\GUI\NodeEditor\Node\Variable</Filter>
    </ClInclude>
    <ClInclude Include="ATextureAssetVariableNode.h">
      <Filter>헤더 파일\GUI\NodeEditor\Node\Variable</Filter>
    </ClInclude>
    <ClInclude Include="CreateModelMaterialWIthNodeEditorWindow.h">
      <Filter>헤더 파일\GUI\Window\NodeEditor\CreateAsset</Filter>
    </ClInclude>
    <ClInclude Include="ModelMaterialAssetCreateFlowNode.h">
      <Filter>헤더 파일\GUI\NodeEditor\Node\Flow</Filter>
    </ClInclude>
    <ClInclude Include="Float3VariableNode.h">
      <Filter>헤더 파일\GUI\NodeEditor\Node\Variable</Filter>
    </ClInclude>
    <ClInclude Include="resource.h">
      <Filter>헤더 파일</Filter>
    </ClInclude>
    <ClInclude Include="PerformanceAnalyzerWindow.h">
      <Filter>헤더 파일\GUI\Window\Extended</Filter>
    </ClInclude>
    <ClInclude Include="CreateAnimationRetargeterWindow.h">
      <Filter>헤더 파일\GUI\Window\Extended</Filter>
    </ClInclude>
  </ItemGroup>
  <ItemGroup>
    <Image Include="AnimationAssetTN.bmp">
      <Filter>리소스 파일</Filter>
    </Image>
    <Image Include="BoneAssetTN.bmp">
      <Filter>리소스 파일</Filter>
    </Image>
    <Image Include="MapAssetTN.bmp">
      <Filter>리소스 파일</Filter>
    </Image>
    <Image Include="MaterialAssetTN.bmp">
      <Filter>리소스 파일</Filter>
    </Image>
    <Image Include="SkeletalAssetTN.bmp">
      <Filter>리소스 파일</Filter>
    </Image>
    <Image Include="StaticAssetTN.bmp">
      <Filter>리소스 파일</Filter>
    </Image>
    <Image Include="TextureAssetTN.bmp">
      <Filter>리소스 파일</Filter>
    </Image>
  </ItemGroup>
  <ItemGroup>
    <ResourceCompile Include="Resource.rc">
      <Filter>리소스 파일</Filter>
    </ResourceCompile>
  </ItemGroup>
</Project>