<?xml version="1.0" encoding="utf-8"?>
<Project ToolsVersion="4.0" xmlns="http://schemas.microsoft.com/developer/msbuild/2003">
  <ItemGroup>
    <Filter Include="소스 파일">
      <UniqueIdentifier>{4FC737F1-C7A5-4376-A066-2A32D752A2FF}</UniqueIdentifier>
      <Extensions>cpp;c;cc;cxx;c++;cppm;ixx;def;odl;idl;hpj;bat;asm;asmx</Extensions>
    </Filter>
    <Filter Include="헤더 파일">
      <UniqueIdentifier>{93995380-89BD-4b04-88EB-625FBE52EBFB}</UniqueIdentifier>
      <Extensions>h;hh;hpp;hxx;h++;hm;inl;inc;ipp;xsd</Extensions>
    </Filter>
    <Filter Include="리소스 파일">
      <UniqueIdentifier>{67DA6AB6-F800-4c08-8B7A-83BB121AAD01}</UniqueIdentifier>
      <Extensions>rc;ico;cur;bmp;dlg;rc2;rct;bin;rgs;gif;jpg;jpeg;jpe;resx;tiff;tif;png;wav;mfcribbon-ms</Extensions>
    </Filter>
    <Filter Include="소스 파일\GUI">
      <UniqueIdentifier>{6a3b233c-642b-4a6f-9351-a72123c84e98}</UniqueIdentifier>
    </Filter>
    <Filter Include="소스 파일\GUI\Window">
      <UniqueIdentifier>{35f88027-6d3d-42d4-a418-dfc25600f507}</UniqueIdentifier>
    </Filter>
    <Filter Include="소스 파일\GUI\Control">
      <UniqueIdentifier>{40296840-7df3-4ad1-b237-5af958362d71}</UniqueIdentifier>
    </Filter>
    <Filter Include="헤더 파일\GUI">
      <UniqueIdentifier>{385a8f1e-e4b2-4c4a-9e49-e615a01ebaa4}</UniqueIdentifier>
    </Filter>
    <Filter Include="헤더 파일\GUI\Control">
      <UniqueIdentifier>{9e5565ae-99a5-4e98-9fc3-572b5718bb09}</UniqueIdentifier>
    </Filter>
    <Filter Include="헤더 파일\GUI\Window">
      <UniqueIdentifier>{1b4f8a16-8bf1-4098-bfbc-862fd7c2ae0e}</UniqueIdentifier>
    </Filter>
    <Filter Include="헤더 파일\GUI\Window\Extended">
      <UniqueIdentifier>{d953c5df-49e3-4834-bdcd-9d2ab0c85642}</UniqueIdentifier>
    </Filter>
    <Filter Include="소스 파일\GUI\Modal">
      <UniqueIdentifier>{fc43d1db-e100-45e8-b689-4140ff805e26}</UniqueIdentifier>
    </Filter>
    <Filter Include="소스 파일\GUI\Child">
      <UniqueIdentifier>{c930e817-bb9c-4588-99d5-1a8b784fed60}</UniqueIdentifier>
    </Filter>
    <Filter Include="헤더 파일\GUI\Child">
      <UniqueIdentifier>{284c7c62-f08c-4734-8a0e-f3043b6ce0dc}</UniqueIdentifier>
    </Filter>
    <Filter Include="헤더 파일\GUI\Modal">
      <UniqueIdentifier>{4b0895e5-aa9c-4c30-9650-5a9a38c51352}</UniqueIdentifier>
    </Filter>
    <Filter Include="헤더 파일\GUI\ContextMenu">
      <UniqueIdentifier>{98641e98-8670-4c55-8496-42a492b80e2b}</UniqueIdentifier>
    </Filter>
    <Filter Include="헤더 파일\GUI\Modal\CreateAsset">
      <UniqueIdentifier>{f2e7584e-c78c-4979-9bee-43c174215690}</UniqueIdentifier>
    </Filter>
  </ItemGroup>
  <ItemGroup>
    <ClCompile Include="main.cpp">
      <Filter>소스 파일</Filter>
    </ClCompile>
    <ClCompile Include="GameEngine.cpp">
      <Filter>소스 파일</Filter>
    </ClCompile>
    <ClCompile Include="AssetViewWindow.cpp">
      <Filter>소스 파일\GUI\Window</Filter>
    </ClCompile>
    <ClCompile Include="AssetFileControl.cpp">
      <Filter>소스 파일\GUI\Control</Filter>
    </ClCompile>
    <ClCompile Include="SceneWindow.cpp">
      <Filter>소스 파일\GUI\Window</Filter>
    </ClCompile>
    <ClCompile Include="ComponentInformer.cpp">
      <Filter>소스 파일\GUI\Child</Filter>
    </ClCompile>
    <ClCompile Include="AssetContextMenuModal.cpp">
      <Filter>소스 파일\GUI\Modal</Filter>
    </ClCompile>
  </ItemGroup>
  <ItemGroup>
    <ClInclude Include="GameEngine.h">
      <Filter>헤더 파일</Filter>
    </ClInclude>
    <ClInclude Include="resource.h">
      <Filter>헤더 파일</Filter>
    </ClInclude>
    <ClInclude Include="AssetViewWindow.h">
      <Filter>헤더 파일\GUI\Window\Extended</Filter>
    </ClInclude>
    <ClInclude Include="AssetFileControl.h">
      <Filter>헤더 파일\GUI\Control</Filter>
    </ClInclude>
    <ClInclude Include="SceneWindow.h">
      <Filter>헤더 파일\GUI\Window\Extended</Filter>
    </ClInclude>
    <ClInclude Include="ComponentInformer.h">
      <Filter>헤더 파일\GUI\Child</Filter>
    </ClInclude>
    <ClInclude Include="AssetContextMenu.h">
      <Filter>헤더 파일\GUI\ContextMenu</Filter>
    </ClInclude>
  </ItemGroup>
  <ItemGroup>
    <Image Include="AnimationAssetTN.bmp">
      <Filter>리소스 파일</Filter>
    </Image>
    <Image Include="BoneAssetTN.bmp">
      <Filter>리소스 파일</Filter>
    </Image>
    <Image Include="MapAssetTN.bmp">
      <Filter>리소스 파일</Filter>
    </Image>
    <Image Include="MaterialAssetTN.bmp">
      <Filter>리소스 파일</Filter>
    </Image>
    <Image Include="SkeletalAssetTN.bmp">
      <Filter>리소스 파일</Filter>
    </Image>
    <Image Include="StaticAssetTN.bmp">
      <Filter>리소스 파일</Filter>
    </Image>
    <Image Include="TextureAssetTN.bmp">
      <Filter>리소스 파일</Filter>
    </Image>
  </ItemGroup>
  <ItemGroup>
    <ResourceCompile Include="Resource.rc">
      <Filter>리소스 파일</Filter>
    </ResourceCompile>
  </ItemGroup>
</Project>